
Microsoft Visual Studio Solution File, Format Version 10.00
# Visual C++ Express 2008
Project("{8BC9CEB8-8B4A-11D0-8D11-00A0C91BC942}") = "libatres", "libatres.vcproj", "{A1E808A0-FE36-47FE-9E3B-CF195EA31F0A}"
EndProject
Project("{8BC9CEB8-8B4A-11D0-8D11-00A0C91BC942}") = "glut_simple", "demos\glut_simple\glut_simple.vcproj", "{8ED4ED15-7C0E-411F-BCC6-E96882CC73F3}"
	ProjectSection(ProjectDependencies) = postProject
		{A1E808A0-FE36-47FE-9E3B-CF195EA31F0A} = {A1E808A0-FE36-47FE-9E3B-CF195EA31F0A}
	EndProjectSection
EndProject
Global
	GlobalSection(SolutionConfigurationPlatforms) = preSolution
		Debug|Win32 = Debug|Win32
		Release|Win32 = Release|Win32
	EndGlobalSection
	GlobalSection(ProjectConfigurationPlatforms) = postSolution
		{A1E808A0-FE36-47FE-9E3B-CF195EA31F0A}.Debug|Win32.ActiveCfg = Debug|Win32
		{A1E808A0-FE36-47FE-9E3B-CF195EA31F0A}.Debug|Win32.Build.0 = Debug|Win32
		{A1E808A0-FE36-47FE-9E3B-CF195EA31F0A}.Release|Win32.ActiveCfg = Release|Win32
		{A1E808A0-FE36-47FE-9E3B-CF195EA31F0A}.Release|Win32.Build.0 = Release|Win32
		{8ED4ED15-7C0E-411F-BCC6-E96882CC73F3}.Debug|Win32.ActiveCfg = Debug|Win32
		{8ED4ED15-7C0E-411F-BCC6-E96882CC73F3}.Debug|Win32.Build.0 = Debug|Win32
		{8ED4ED15-7C0E-411F-BCC6-E96882CC73F3}.Release|Win32.ActiveCfg = Release|Win32
		{8ED4ED15-7C0E-411F-BCC6-E96882CC73F3}.Release|Win32.Build.0 = Release|Win32
	EndGlobalSection
	GlobalSection(SolutionProperties) = preSolution
		HideSolutionNode = FALSE
	EndGlobalSection
EndGlobal
