
Microsoft Visual Studio Solution File, Format Version 12.00
# Visual Studio Express 2013 for Windows
VisualStudioVersion = 12.0.30501.0
MinimumVisualStudioVersion = 10.0.40219.1
Project("{8BC9CEB8-8B4A-11D0-8D11-00A0C91BC942}") = "libatres", "msvc\vs2013-winrt\libatres.vcxproj", "{A1E808A0-FE36-47FE-9E3B-CF195EA31F0A}"
	ProjectSection(ProjectDependencies) = postProject
		{9C043B29-DB40-48D5-97D8-1BC44128E3BA} = {9C043B29-DB40-48D5-97D8-1BC44128E3BA}
	EndProjectSection
EndProject
Project("{8BC9CEB8-8B4A-11D0-8D11-00A0C91BC942}") = "libhltypes", "..\hltypes\msvc\vs2013-winrt\libhltypes.vcxproj", "{E4D373BF-E227-48B9-99E6-84987E8674EC}"
EndProject
Project("{8BC9CEB8-8B4A-11D0-8D11-00A0C91BC942}") = "demo_simple", "msvc\vs2013-winrt\demo_simple.vcxproj", "{8ED4EDB5-7C0E-411F-BCC6-E96882CC73F3}"
EndProject
Project("{8BC9CEB8-8B4A-11D0-8D11-00A0C91BC942}") = "libapril", "..\april\msvc\vs2013-winrt\libapril.vcxproj", "{2D053CDA-686B-4B36-80EB-1DA5F0CEF8F9}"
	ProjectSection(ProjectDependencies) = postProject
		{019DBD2A-273D-4BA4-BF86-B5EFE2ED76B1} = {019DBD2A-273D-4BA4-BF86-B5EFE2ED76B1}
		{D6973076-9317-4EF2-A0B8-B7A18AC0713E} = {D6973076-9317-4EF2-A0B8-B7A18AC0713E}
	EndProjectSection
EndProject
Project("{8BC9CEB8-8B4A-11D0-8D11-00A0C91BC942}") = "libgtypes", "..\gtypes\msvc\vs2013-winrt\libgtypes.vcxproj", "{9C043B29-DB40-48D5-97D8-1BC44128E3BA}"
EndProject
Project("{8BC9CEB8-8B4A-11D0-8D11-00A0C91BC942}") = "zlib", "..\hltypes\lib\zlib\msvc\vs2013-winrt\zlib.vcxproj", "{60F89955-91C6-3A36-8000-13C592FEC2DF}"
EndProject
Project("{8BC9CEB8-8B4A-11D0-8D11-00A0C91BC942}") = "libjpeg", "..\april\lib\jpeg\msvc\vs2013-winrt\libjpeg.vcxproj", "{019DBD2A-273D-4BA4-BF86-B5EFE2ED76B1}"
EndProject
Project("{8BC9CEB8-8B4A-11D0-8D11-00A0C91BC942}") = "libpng", "..\april\lib\png\msvc\vs2013-winrt\libpng.vcxproj", "{D6973076-9317-4EF2-A0B8-B7A18AC0713E}"
EndProject
Project("{8BC9CEB8-8B4A-11D0-8D11-00A0C91BC942}") = "libatresttf", "atresttf\msvc\vs2013-winrt\libatresttf.vcxproj", "{BD643E5E-72FF-4004-BD69-31DC02E5D417}"
EndProject
Project("{8BC9CEB8-8B4A-11D0-8D11-00A0C91BC942}") = "libfreetype", "lib\freetype\msvc\vs2013-winrt\libfreetype.vcxproj", "{78B079BD-9FC7-4B9E-B4A6-96DA0F00248B}"
EndProject
Global
	GlobalSection(SolutionConfigurationPlatforms) = preSolution
		Debug|ARM = Debug|ARM
		Debug|Win32 = Debug|Win32
		DebugS|ARM = DebugS|ARM
		DebugS|Win32 = DebugS|Win32
		Release|ARM = Release|ARM
		Release|Win32 = Release|Win32
		ReleaseS|ARM = ReleaseS|ARM
		ReleaseS|Win32 = ReleaseS|Win32
	EndGlobalSection
	GlobalSection(ProjectConfigurationPlatforms) = postSolution
		{A1E808A0-FE36-47FE-9E3B-CF195EA31F0A}.Debug|ARM.ActiveCfg = Debug|ARM
		{A1E808A0-FE36-47FE-9E3B-CF195EA31F0A}.Debug|ARM.Build.0 = Debug|ARM
		{A1E808A0-FE36-47FE-9E3B-CF195EA31F0A}.Debug|Win32.ActiveCfg = Debug|Win32
		{A1E808A0-FE36-47FE-9E3B-CF195EA31F0A}.Debug|Win32.Build.0 = Debug|Win32
		{A1E808A0-FE36-47FE-9E3B-CF195EA31F0A}.DebugS|ARM.ActiveCfg = DebugS|ARM
		{A1E808A0-FE36-47FE-9E3B-CF195EA31F0A}.DebugS|ARM.Build.0 = DebugS|ARM
		{A1E808A0-FE36-47FE-9E3B-CF195EA31F0A}.DebugS|Win32.ActiveCfg = DebugS|Win32
		{A1E808A0-FE36-47FE-9E3B-CF195EA31F0A}.DebugS|Win32.Build.0 = DebugS|Win32
		{A1E808A0-FE36-47FE-9E3B-CF195EA31F0A}.Release|ARM.ActiveCfg = Release|ARM
		{A1E808A0-FE36-47FE-9E3B-CF195EA31F0A}.Release|ARM.Build.0 = Release|ARM
		{A1E808A0-FE36-47FE-9E3B-CF195EA31F0A}.Release|Win32.ActiveCfg = Release|Win32
		{A1E808A0-FE36-47FE-9E3B-CF195EA31F0A}.Release|Win32.Build.0 = Release|Win32
		{A1E808A0-FE36-47FE-9E3B-CF195EA31F0A}.ReleaseS|ARM.ActiveCfg = ReleaseS|ARM
		{A1E808A0-FE36-47FE-9E3B-CF195EA31F0A}.ReleaseS|ARM.Build.0 = ReleaseS|ARM
		{A1E808A0-FE36-47FE-9E3B-CF195EA31F0A}.ReleaseS|Win32.ActiveCfg = ReleaseS|Win32
		{A1E808A0-FE36-47FE-9E3B-CF195EA31F0A}.ReleaseS|Win32.Build.0 = ReleaseS|Win32
		{E4D373BF-E227-48B9-99E6-84987E8674EC}.Debug|ARM.ActiveCfg = Debug|ARM
		{E4D373BF-E227-48B9-99E6-84987E8674EC}.Debug|ARM.Build.0 = Debug|ARM
		{E4D373BF-E227-48B9-99E6-84987E8674EC}.Debug|Win32.ActiveCfg = Debug|Win32
		{E4D373BF-E227-48B9-99E6-84987E8674EC}.Debug|Win32.Build.0 = Debug|Win32
		{E4D373BF-E227-48B9-99E6-84987E8674EC}.DebugS|ARM.ActiveCfg = DebugS|ARM
		{E4D373BF-E227-48B9-99E6-84987E8674EC}.DebugS|ARM.Build.0 = DebugS|ARM
		{E4D373BF-E227-48B9-99E6-84987E8674EC}.DebugS|Win32.ActiveCfg = DebugS|Win32
		{E4D373BF-E227-48B9-99E6-84987E8674EC}.DebugS|Win32.Build.0 = DebugS|Win32
		{E4D373BF-E227-48B9-99E6-84987E8674EC}.Release|ARM.ActiveCfg = Release|ARM
		{E4D373BF-E227-48B9-99E6-84987E8674EC}.Release|ARM.Build.0 = Release|ARM
		{E4D373BF-E227-48B9-99E6-84987E8674EC}.Release|Win32.ActiveCfg = Release|Win32
		{E4D373BF-E227-48B9-99E6-84987E8674EC}.Release|Win32.Build.0 = Release|Win32
		{E4D373BF-E227-48B9-99E6-84987E8674EC}.ReleaseS|ARM.ActiveCfg = ReleaseS|ARM
		{E4D373BF-E227-48B9-99E6-84987E8674EC}.ReleaseS|ARM.Build.0 = ReleaseS|ARM
		{E4D373BF-E227-48B9-99E6-84987E8674EC}.ReleaseS|Win32.ActiveCfg = ReleaseS|Win32
		{E4D373BF-E227-48B9-99E6-84987E8674EC}.ReleaseS|Win32.Build.0 = ReleaseS|Win32
		{8ED4EDB5-7C0E-411F-BCC6-E96882CC73F3}.Debug|ARM.ActiveCfg = Debug|ARM
		{8ED4EDB5-7C0E-411F-BCC6-E96882CC73F3}.Debug|ARM.Build.0 = Debug|ARM
		{8ED4EDB5-7C0E-411F-BCC6-E96882CC73F3}.Debug|Win32.ActiveCfg = Debug|Win32
		{8ED4EDB5-7C0E-411F-BCC6-E96882CC73F3}.Debug|Win32.Build.0 = Debug|Win32
		{8ED4EDB5-7C0E-411F-BCC6-E96882CC73F3}.DebugS|ARM.ActiveCfg = DebugS|ARM
		{8ED4EDB5-7C0E-411F-BCC6-E96882CC73F3}.DebugS|ARM.Build.0 = DebugS|ARM
		{8ED4EDB5-7C0E-411F-BCC6-E96882CC73F3}.DebugS|Win32.ActiveCfg = DebugS|Win32
		{8ED4EDB5-7C0E-411F-BCC6-E96882CC73F3}.DebugS|Win32.Build.0 = DebugS|Win32
		{8ED4EDB5-7C0E-411F-BCC6-E96882CC73F3}.Release|ARM.ActiveCfg = Release|ARM
		{8ED4EDB5-7C0E-411F-BCC6-E96882CC73F3}.Release|ARM.Build.0 = Release|ARM
		{8ED4EDB5-7C0E-411F-BCC6-E96882CC73F3}.Release|Win32.ActiveCfg = Release|Win32
		{8ED4EDB5-7C0E-411F-BCC6-E96882CC73F3}.Release|Win32.Build.0 = Release|Win32
		{8ED4EDB5-7C0E-411F-BCC6-E96882CC73F3}.ReleaseS|ARM.ActiveCfg = ReleaseS|ARM
		{8ED4EDB5-7C0E-411F-BCC6-E96882CC73F3}.ReleaseS|ARM.Build.0 = ReleaseS|ARM
		{8ED4EDB5-7C0E-411F-BCC6-E96882CC73F3}.ReleaseS|Win32.ActiveCfg = ReleaseS|Win32
		{8ED4EDB5-7C0E-411F-BCC6-E96882CC73F3}.ReleaseS|Win32.Build.0 = ReleaseS|Win32
		{2D053CDA-686B-4B36-80EB-1DA5F0CEF8F9}.Debug|ARM.ActiveCfg = Debug_DirectX11|ARM
		{2D053CDA-686B-4B36-80EB-1DA5F0CEF8F9}.Debug|ARM.Build.0 = Debug_DirectX11|ARM
		{2D053CDA-686B-4B36-80EB-1DA5F0CEF8F9}.Debug|Win32.ActiveCfg = Debug_DirectX11|Win32
		{2D053CDA-686B-4B36-80EB-1DA5F0CEF8F9}.Debug|Win32.Build.0 = Debug_DirectX11|Win32
		{2D053CDA-686B-4B36-80EB-1DA5F0CEF8F9}.DebugS|ARM.ActiveCfg = DebugS_DirectX11|ARM
		{2D053CDA-686B-4B36-80EB-1DA5F0CEF8F9}.DebugS|ARM.Build.0 = DebugS_DirectX11|ARM
		{2D053CDA-686B-4B36-80EB-1DA5F0CEF8F9}.DebugS|Win32.ActiveCfg = DebugS_DirectX11|Win32
		{2D053CDA-686B-4B36-80EB-1DA5F0CEF8F9}.DebugS|Win32.Build.0 = DebugS_DirectX11|Win32
		{2D053CDA-686B-4B36-80EB-1DA5F0CEF8F9}.Release|ARM.ActiveCfg = Release_DirectX11|ARM
		{2D053CDA-686B-4B36-80EB-1DA5F0CEF8F9}.Release|ARM.Build.0 = Release_DirectX11|ARM
		{2D053CDA-686B-4B36-80EB-1DA5F0CEF8F9}.Release|Win32.ActiveCfg = Release_DirectX11|Win32
		{2D053CDA-686B-4B36-80EB-1DA5F0CEF8F9}.Release|Win32.Build.0 = Release_DirectX11|Win32
		{2D053CDA-686B-4B36-80EB-1DA5F0CEF8F9}.ReleaseS|ARM.ActiveCfg = ReleaseS_DirectX11|ARM
		{2D053CDA-686B-4B36-80EB-1DA5F0CEF8F9}.ReleaseS|ARM.Build.0 = ReleaseS_DirectX11|ARM
		{2D053CDA-686B-4B36-80EB-1DA5F0CEF8F9}.ReleaseS|Win32.ActiveCfg = ReleaseS_DirectX11|Win32
		{2D053CDA-686B-4B36-80EB-1DA5F0CEF8F9}.ReleaseS|Win32.Build.0 = ReleaseS_DirectX11|Win32
		{9C043B29-DB40-48D5-97D8-1BC44128E3BA}.Debug|ARM.ActiveCfg = Debug|ARM
		{9C043B29-DB40-48D5-97D8-1BC44128E3BA}.Debug|ARM.Build.0 = Debug|ARM
		{9C043B29-DB40-48D5-97D8-1BC44128E3BA}.Debug|Win32.ActiveCfg = Debug|Win32
		{9C043B29-DB40-48D5-97D8-1BC44128E3BA}.Debug|Win32.Build.0 = Debug|Win32
		{9C043B29-DB40-48D5-97D8-1BC44128E3BA}.DebugS|ARM.ActiveCfg = DebugS|ARM
		{9C043B29-DB40-48D5-97D8-1BC44128E3BA}.DebugS|ARM.Build.0 = DebugS|ARM
		{9C043B29-DB40-48D5-97D8-1BC44128E3BA}.DebugS|Win32.ActiveCfg = DebugS|Win32
		{9C043B29-DB40-48D5-97D8-1BC44128E3BA}.DebugS|Win32.Build.0 = DebugS|Win32
		{9C043B29-DB40-48D5-97D8-1BC44128E3BA}.Release|ARM.ActiveCfg = Release|ARM
		{9C043B29-DB40-48D5-97D8-1BC44128E3BA}.Release|ARM.Build.0 = Release|ARM
		{9C043B29-DB40-48D5-97D8-1BC44128E3BA}.Release|Win32.ActiveCfg = Release|Win32
		{9C043B29-DB40-48D5-97D8-1BC44128E3BA}.Release|Win32.Build.0 = Release|Win32
		{9C043B29-DB40-48D5-97D8-1BC44128E3BA}.ReleaseS|ARM.ActiveCfg = ReleaseS|ARM
		{9C043B29-DB40-48D5-97D8-1BC44128E3BA}.ReleaseS|ARM.Build.0 = ReleaseS|ARM
		{9C043B29-DB40-48D5-97D8-1BC44128E3BA}.ReleaseS|Win32.ActiveCfg = ReleaseS|Win32
		{9C043B29-DB40-48D5-97D8-1BC44128E3BA}.ReleaseS|Win32.Build.0 = ReleaseS|Win32
		{60F89955-91C6-3A36-8000-13C592FEC2DF}.Debug|ARM.ActiveCfg = Debug|ARM
		{60F89955-91C6-3A36-8000-13C592FEC2DF}.Debug|ARM.Build.0 = Debug|ARM
		{60F89955-91C6-3A36-8000-13C592FEC2DF}.Debug|Win32.ActiveCfg = Debug|Win32
		{60F89955-91C6-3A36-8000-13C592FEC2DF}.Debug|Win32.Build.0 = Debug|Win32
		{60F89955-91C6-3A36-8000-13C592FEC2DF}.DebugS|ARM.ActiveCfg = DebugS|ARM
		{60F89955-91C6-3A36-8000-13C592FEC2DF}.DebugS|ARM.Build.0 = DebugS|ARM
		{60F89955-91C6-3A36-8000-13C592FEC2DF}.DebugS|Win32.ActiveCfg = DebugS|Win32
		{60F89955-91C6-3A36-8000-13C592FEC2DF}.DebugS|Win32.Build.0 = DebugS|Win32
		{60F89955-91C6-3A36-8000-13C592FEC2DF}.Release|ARM.ActiveCfg = Release|ARM
		{60F89955-91C6-3A36-8000-13C592FEC2DF}.Release|ARM.Build.0 = Release|ARM
		{60F89955-91C6-3A36-8000-13C592FEC2DF}.Release|Win32.ActiveCfg = Release|Win32
		{60F89955-91C6-3A36-8000-13C592FEC2DF}.Release|Win32.Build.0 = Release|Win32
		{60F89955-91C6-3A36-8000-13C592FEC2DF}.ReleaseS|ARM.ActiveCfg = ReleaseS|ARM
		{60F89955-91C6-3A36-8000-13C592FEC2DF}.ReleaseS|ARM.Build.0 = ReleaseS|ARM
		{60F89955-91C6-3A36-8000-13C592FEC2DF}.ReleaseS|Win32.ActiveCfg = ReleaseS|Win32
		{60F89955-91C6-3A36-8000-13C592FEC2DF}.ReleaseS|Win32.Build.0 = ReleaseS|Win32
		{019DBD2A-273D-4BA4-BF86-B5EFE2ED76B1}.Debug|ARM.ActiveCfg = Debug|ARM
		{019DBD2A-273D-4BA4-BF86-B5EFE2ED76B1}.Debug|ARM.Build.0 = Debug|ARM
		{019DBD2A-273D-4BA4-BF86-B5EFE2ED76B1}.Debug|Win32.ActiveCfg = Debug|Win32
		{019DBD2A-273D-4BA4-BF86-B5EFE2ED76B1}.Debug|Win32.Build.0 = Debug|Win32
		{019DBD2A-273D-4BA4-BF86-B5EFE2ED76B1}.DebugS|ARM.ActiveCfg = DebugS|ARM
		{019DBD2A-273D-4BA4-BF86-B5EFE2ED76B1}.DebugS|ARM.Build.0 = DebugS|ARM
		{019DBD2A-273D-4BA4-BF86-B5EFE2ED76B1}.DebugS|Win32.ActiveCfg = DebugS|Win32
		{019DBD2A-273D-4BA4-BF86-B5EFE2ED76B1}.DebugS|Win32.Build.0 = DebugS|Win32
		{019DBD2A-273D-4BA4-BF86-B5EFE2ED76B1}.Release|ARM.ActiveCfg = Release|ARM
		{019DBD2A-273D-4BA4-BF86-B5EFE2ED76B1}.Release|ARM.Build.0 = Release|ARM
		{019DBD2A-273D-4BA4-BF86-B5EFE2ED76B1}.Release|Win32.ActiveCfg = Release|Win32
		{019DBD2A-273D-4BA4-BF86-B5EFE2ED76B1}.Release|Win32.Build.0 = Release|Win32
		{019DBD2A-273D-4BA4-BF86-B5EFE2ED76B1}.ReleaseS|ARM.ActiveCfg = ReleaseS|ARM
		{019DBD2A-273D-4BA4-BF86-B5EFE2ED76B1}.ReleaseS|ARM.Build.0 = ReleaseS|ARM
		{019DBD2A-273D-4BA4-BF86-B5EFE2ED76B1}.ReleaseS|Win32.ActiveCfg = ReleaseS|Win32
		{019DBD2A-273D-4BA4-BF86-B5EFE2ED76B1}.ReleaseS|Win32.Build.0 = ReleaseS|Win32
		{D6973076-9317-4EF2-A0B8-B7A18AC0713E}.Debug|ARM.ActiveCfg = Debug|ARM
		{D6973076-9317-4EF2-A0B8-B7A18AC0713E}.Debug|ARM.Build.0 = Debug|ARM
		{D6973076-9317-4EF2-A0B8-B7A18AC0713E}.Debug|Win32.ActiveCfg = Debug|Win32
		{D6973076-9317-4EF2-A0B8-B7A18AC0713E}.Debug|Win32.Build.0 = Debug|Win32
		{D6973076-9317-4EF2-A0B8-B7A18AC0713E}.DebugS|ARM.ActiveCfg = DebugS|ARM
		{D6973076-9317-4EF2-A0B8-B7A18AC0713E}.DebugS|ARM.Build.0 = DebugS|ARM
		{D6973076-9317-4EF2-A0B8-B7A18AC0713E}.DebugS|Win32.ActiveCfg = DebugS|Win32
		{D6973076-9317-4EF2-A0B8-B7A18AC0713E}.DebugS|Win32.Build.0 = DebugS|Win32
		{D6973076-9317-4EF2-A0B8-B7A18AC0713E}.Release|ARM.ActiveCfg = Release|ARM
		{D6973076-9317-4EF2-A0B8-B7A18AC0713E}.Release|ARM.Build.0 = Release|ARM
		{D6973076-9317-4EF2-A0B8-B7A18AC0713E}.Release|Win32.ActiveCfg = Release|Win32
		{D6973076-9317-4EF2-A0B8-B7A18AC0713E}.Release|Win32.Build.0 = Release|Win32
		{D6973076-9317-4EF2-A0B8-B7A18AC0713E}.ReleaseS|ARM.ActiveCfg = ReleaseS|ARM
		{D6973076-9317-4EF2-A0B8-B7A18AC0713E}.ReleaseS|ARM.Build.0 = ReleaseS|ARM
		{D6973076-9317-4EF2-A0B8-B7A18AC0713E}.ReleaseS|Win32.ActiveCfg = ReleaseS|Win32
		{D6973076-9317-4EF2-A0B8-B7A18AC0713E}.ReleaseS|Win32.Build.0 = ReleaseS|Win32
		{BD643E5E-72FF-4004-BD69-31DC02E5D417}.Debug|ARM.ActiveCfg = Debug|ARM
		{BD643E5E-72FF-4004-BD69-31DC02E5D417}.Debug|ARM.Build.0 = Debug|ARM
		{BD643E5E-72FF-4004-BD69-31DC02E5D417}.Debug|ARM.Deploy.0 = Debug|ARM
		{BD643E5E-72FF-4004-BD69-31DC02E5D417}.Debug|Win32.ActiveCfg = Debug|Win32
		{BD643E5E-72FF-4004-BD69-31DC02E5D417}.Debug|Win32.Build.0 = Debug|Win32
		{BD643E5E-72FF-4004-BD69-31DC02E5D417}.DebugS|ARM.ActiveCfg = DebugS|ARM
		{BD643E5E-72FF-4004-BD69-31DC02E5D417}.DebugS|ARM.Build.0 = DebugS|ARM
		{BD643E5E-72FF-4004-BD69-31DC02E5D417}.DebugS|ARM.Deploy.0 = DebugS|ARM
		{BD643E5E-72FF-4004-BD69-31DC02E5D417}.DebugS|Win32.ActiveCfg = DebugS|Win32
		{BD643E5E-72FF-4004-BD69-31DC02E5D417}.DebugS|Win32.Build.0 = DebugS|Win32
		{BD643E5E-72FF-4004-BD69-31DC02E5D417}.Release|ARM.ActiveCfg = Release|ARM
		{BD643E5E-72FF-4004-BD69-31DC02E5D417}.Release|ARM.Build.0 = Release|ARM
		{BD643E5E-72FF-4004-BD69-31DC02E5D417}.Release|ARM.Deploy.0 = Release|ARM
		{BD643E5E-72FF-4004-BD69-31DC02E5D417}.Release|Win32.ActiveCfg = Release|Win32
		{BD643E5E-72FF-4004-BD69-31DC02E5D417}.Release|Win32.Build.0 = Release|Win32
		{BD643E5E-72FF-4004-BD69-31DC02E5D417}.ReleaseS|ARM.ActiveCfg = ReleaseS|ARM
		{BD643E5E-72FF-4004-BD69-31DC02E5D417}.ReleaseS|ARM.Build.0 = ReleaseS|ARM
		{BD643E5E-72FF-4004-BD69-31DC02E5D417}.ReleaseS|ARM.Deploy.0 = ReleaseS|ARM
		{BD643E5E-72FF-4004-BD69-31DC02E5D417}.ReleaseS|Win32.ActiveCfg = ReleaseS|Win32
		{BD643E5E-72FF-4004-BD69-31DC02E5D417}.ReleaseS|Win32.Build.0 = ReleaseS|Win32
		{78B079BD-9FC7-4B9E-B4A6-96DA0F00248B}.Debug|ARM.ActiveCfg = Debug|ARM
		{78B079BD-9FC7-4B9E-B4A6-96DA0F00248B}.Debug|ARM.Build.0 = Debug|ARM
		{78B079BD-9FC7-4B9E-B4A6-96DA0F00248B}.Debug|ARM.Deploy.0 = Debug|ARM
		{78B079BD-9FC7-4B9E-B4A6-96DA0F00248B}.Debug|Win32.ActiveCfg = Debug|Win32
		{78B079BD-9FC7-4B9E-B4A6-96DA0F00248B}.Debug|Win32.Build.0 = Debug|Win32
		{78B079BD-9FC7-4B9E-B4A6-96DA0F00248B}.DebugS|ARM.ActiveCfg = DebugS|ARM
		{78B079BD-9FC7-4B9E-B4A6-96DA0F00248B}.DebugS|ARM.Build.0 = DebugS|ARM
		{78B079BD-9FC7-4B9E-B4A6-96DA0F00248B}.DebugS|ARM.Deploy.0 = DebugS|ARM
		{78B079BD-9FC7-4B9E-B4A6-96DA0F00248B}.DebugS|Win32.ActiveCfg = DebugS|Win32
		{78B079BD-9FC7-4B9E-B4A6-96DA0F00248B}.DebugS|Win32.Build.0 = DebugS|Win32
		{78B079BD-9FC7-4B9E-B4A6-96DA0F00248B}.Release|ARM.ActiveCfg = Release|ARM
		{78B079BD-9FC7-4B9E-B4A6-96DA0F00248B}.Release|ARM.Build.0 = Release|ARM
		{78B079BD-9FC7-4B9E-B4A6-96DA0F00248B}.Release|ARM.Deploy.0 = Release|ARM
		{78B079BD-9FC7-4B9E-B4A6-96DA0F00248B}.Release|Win32.ActiveCfg = Release|Win32
		{78B079BD-9FC7-4B9E-B4A6-96DA0F00248B}.Release|Win32.Build.0 = Release|Win32
		{78B079BD-9FC7-4B9E-B4A6-96DA0F00248B}.ReleaseS|ARM.ActiveCfg = ReleaseS|ARM
		{78B079BD-9FC7-4B9E-B4A6-96DA0F00248B}.ReleaseS|ARM.Build.0 = ReleaseS|ARM
		{78B079BD-9FC7-4B9E-B4A6-96DA0F00248B}.ReleaseS|ARM.Deploy.0 = ReleaseS|ARM
		{78B079BD-9FC7-4B9E-B4A6-96DA0F00248B}.ReleaseS|Win32.ActiveCfg = ReleaseS|Win32
		{78B079BD-9FC7-4B9E-B4A6-96DA0F00248B}.ReleaseS|Win32.Build.0 = ReleaseS|Win32
	EndGlobalSection
	GlobalSection(SolutionProperties) = preSolution
		HideSolutionNode = FALSE
	EndGlobalSection
EndGlobal
