
Microsoft Visual Studio Solution File, Format Version 10.00
# Visual C++ Express 2008
Project("{8BC9CEB8-8B4A-11D0-8D11-00A0C91BC942}") = "libatres", "libatres.vcproj", "{A1E808A0-FE36-47FE-9E3B-CF195EA31F0A}"
	ProjectSection(ProjectDependencies) = postProject
		{9C043B29-DB40-48D5-97D8-1BC44128E3BA} = {9C043B29-DB40-48D5-97D8-1BC44128E3BA}
		{E4D373BF-E227-48B9-99E6-84987E8674EC} = {E4D373BF-E227-48B9-99E6-84987E8674EC}
		{2D053CDA-686B-4B36-80EB-1DA5F0CEF8F9} = {2D053CDA-686B-4B36-80EB-1DA5F0CEF8F9}
	EndProjectSection
EndProject
Project("{8BC9CEB8-8B4A-11D0-8D11-00A0C91BC942}") = "libhltypes", "..\hltypes\libhltypes.vcproj", "{E4D373BF-E227-48B9-99E6-84987E8674EC}"
EndProject
Project("{8BC9CEB8-8B4A-11D0-8D11-00A0C91BC942}") = "demo_simple", "demos\demo_simple\demo_simple.vcproj", "{8ED4EDB5-7C0E-411F-BCC6-E96882CC73F3}"
	ProjectSection(ProjectDependencies) = postProject
		{9C043B29-DB40-48D5-97D8-1BC44128E3BA} = {9C043B29-DB40-48D5-97D8-1BC44128E3BA}
		{A1E808A0-FE36-47FE-9E3B-CF195EA31F0A} = {A1E808A0-FE36-47FE-9E3B-CF195EA31F0A}
		{E4D373BF-E227-48B9-99E6-84987E8674EC} = {E4D373BF-E227-48B9-99E6-84987E8674EC}
		{56FF74D1-34D0-4DDB-8B89-F6F9200842B8} = {56FF74D1-34D0-4DDB-8B89-F6F9200842B8}
		{2D053CDA-686B-4B36-80EB-1DA5F0CEF8F9} = {2D053CDA-686B-4B36-80EB-1DA5F0CEF8F9}
	EndProjectSection
EndProject
Project("{8BC9CEB8-8B4A-11D0-8D11-00A0C91BC942}") = "libaprilui", "..\aprilui\libaprilui.vcproj", "{56FF74D1-34D0-4DDB-8B89-F6F9200842B8}"
	ProjectSection(ProjectDependencies) = postProject
		{9C043B29-DB40-48D5-97D8-1BC44128E3BA} = {9C043B29-DB40-48D5-97D8-1BC44128E3BA}
		{A1E808A0-FE36-47FE-9E3B-CF195EA31F0A} = {A1E808A0-FE36-47FE-9E3B-CF195EA31F0A}
		{E4D373BF-E227-48B9-99E6-84987E8674EC} = {E4D373BF-E227-48B9-99E6-84987E8674EC}
		{2D053CDA-686B-4B36-80EB-1DA5F0CEF8F9} = {2D053CDA-686B-4B36-80EB-1DA5F0CEF8F9}
		{877B2D1A-DE16-457B-9146-423FE0026E07} = {877B2D1A-DE16-457B-9146-423FE0026E07}
	EndProjectSection
EndProject
Project("{8BC9CEB8-8B4A-11D0-8D11-00A0C91BC942}") = "libapril", "..\april\libapril.vcproj", "{2D053CDA-686B-4B36-80EB-1DA5F0CEF8F9}"
	ProjectSection(ProjectDependencies) = postProject
		{9C043B29-DB40-48D5-97D8-1BC44128E3BA} = {9C043B29-DB40-48D5-97D8-1BC44128E3BA}
		{E4D373BF-E227-48B9-99E6-84987E8674EC} = {E4D373BF-E227-48B9-99E6-84987E8674EC}
	EndProjectSection
EndProject
Project("{8BC9CEB8-8B4A-11D0-8D11-00A0C91BC942}") = "libgtypes", "..\gtypes\libgtypes.vcproj", "{9C043B29-DB40-48D5-97D8-1BC44128E3BA}"
EndProject
Project("{8BC9CEB8-8B4A-11D0-8D11-00A0C91BC942}") = "libatresttf", "atresttf\libatresttf.vcproj", "{4A055F1C-7F19-4CE2-8374-583AC6C7875E}"
	ProjectSection(ProjectDependencies) = postProject
		{9C043B29-DB40-48D5-97D8-1BC44128E3BA} = {9C043B29-DB40-48D5-97D8-1BC44128E3BA}
		{A1E808A0-FE36-47FE-9E3B-CF195EA31F0A} = {A1E808A0-FE36-47FE-9E3B-CF195EA31F0A}
		{E4D373BF-E227-48B9-99E6-84987E8674EC} = {E4D373BF-E227-48B9-99E6-84987E8674EC}
		{2D053CDA-686B-4B36-80EB-1DA5F0CEF8F9} = {2D053CDA-686B-4B36-80EB-1DA5F0CEF8F9}
	EndProjectSection
EndProject
Project("{8BC9CEB8-8B4A-11D0-8D11-00A0C91BC942}") = "libhlxml", "..\hltypes\hlxml\libhlxml.vcproj", "{877B2D1A-DE16-457B-9146-423FE0026E07}"
	ProjectSection(ProjectDependencies) = postProject
		{E4D373BF-E227-48B9-99E6-84987E8674EC} = {E4D373BF-E227-48B9-99E6-84987E8674EC}
	EndProjectSection
EndProject
Project("{8BC9CEB8-8B4A-11D0-8D11-00A0C91BC942}") = "ttf_fontgen", "scripts\ttf_font_generator\ttf_fontgen.vcproj", "{5BE80F68-1433-4DB4-AD77-F27AD974A65F}"
EndProject
Global
	GlobalSection(SolutionConfigurationPlatforms) = preSolution
		Debug|Win32 = Debug|Win32
		Release|Win32 = Release|Win32
	EndGlobalSection
	GlobalSection(ProjectConfigurationPlatforms) = postSolution
		{A1E808A0-FE36-47FE-9E3B-CF195EA31F0A}.Debug|Win32.ActiveCfg = Debug|Win32
		{A1E808A0-FE36-47FE-9E3B-CF195EA31F0A}.Debug|Win32.Build.0 = Debug|Win32
		{A1E808A0-FE36-47FE-9E3B-CF195EA31F0A}.Release|Win32.ActiveCfg = Release|Win32
		{A1E808A0-FE36-47FE-9E3B-CF195EA31F0A}.Release|Win32.Build.0 = Release|Win32
		{E4D373BF-E227-48B9-99E6-84987E8674EC}.Debug|Win32.ActiveCfg = Debug|Win32
		{E4D373BF-E227-48B9-99E6-84987E8674EC}.Debug|Win32.Build.0 = Debug|Win32
		{E4D373BF-E227-48B9-99E6-84987E8674EC}.Release|Win32.ActiveCfg = Release|Win32
		{E4D373BF-E227-48B9-99E6-84987E8674EC}.Release|Win32.Build.0 = Release|Win32
		{8ED4EDB5-7C0E-411F-BCC6-E96882CC73F3}.Debug|Win32.ActiveCfg = Debug|Win32
		{8ED4EDB5-7C0E-411F-BCC6-E96882CC73F3}.Debug|Win32.Build.0 = Debug|Win32
		{8ED4EDB5-7C0E-411F-BCC6-E96882CC73F3}.Release|Win32.ActiveCfg = Release|Win32
		{8ED4EDB5-7C0E-411F-BCC6-E96882CC73F3}.Release|Win32.Build.0 = Release|Win32
		{56FF74D1-34D0-4DDB-8B89-F6F9200842B8}.Debug|Win32.ActiveCfg = Debug|Win32
		{56FF74D1-34D0-4DDB-8B89-F6F9200842B8}.Debug|Win32.Build.0 = Debug|Win32
		{56FF74D1-34D0-4DDB-8B89-F6F9200842B8}.Release|Win32.ActiveCfg = Release|Win32
		{56FF74D1-34D0-4DDB-8B89-F6F9200842B8}.Release|Win32.Build.0 = Release|Win32
		{2D053CDA-686B-4B36-80EB-1DA5F0CEF8F9}.Debug|Win32.ActiveCfg = Debug_DirectX9|Win32
		{2D053CDA-686B-4B36-80EB-1DA5F0CEF8F9}.Debug|Win32.Build.0 = Debug_DirectX9|Win32
		{2D053CDA-686B-4B36-80EB-1DA5F0CEF8F9}.Release|Win32.ActiveCfg = Release_DirectX9|Win32
		{2D053CDA-686B-4B36-80EB-1DA5F0CEF8F9}.Release|Win32.Build.0 = Release_DirectX9|Win32
		{9C043B29-DB40-48D5-97D8-1BC44128E3BA}.Debug|Win32.ActiveCfg = Debug|Win32
		{9C043B29-DB40-48D5-97D8-1BC44128E3BA}.Debug|Win32.Build.0 = Debug|Win32
		{9C043B29-DB40-48D5-97D8-1BC44128E3BA}.Release|Win32.ActiveCfg = Release|Win32
		{9C043B29-DB40-48D5-97D8-1BC44128E3BA}.Release|Win32.Build.0 = Release|Win32
		{4A055F1C-7F19-4CE2-8374-583AC6C7875E}.Debug|Win32.ActiveCfg = Debug|Win32
		{4A055F1C-7F19-4CE2-8374-583AC6C7875E}.Debug|Win32.Build.0 = Debug|Win32
		{4A055F1C-7F19-4CE2-8374-583AC6C7875E}.Release|Win32.ActiveCfg = Release|Win32
		{4A055F1C-7F19-4CE2-8374-583AC6C7875E}.Release|Win32.Build.0 = Release|Win32
		{877B2D1A-DE16-457B-9146-423FE0026E07}.Debug|Win32.ActiveCfg = Debug_TinyXml|Win32
		{877B2D1A-DE16-457B-9146-423FE0026E07}.Debug|Win32.Build.0 = Debug_TinyXml|Win32
		{877B2D1A-DE16-457B-9146-423FE0026E07}.Release|Win32.ActiveCfg = Release_TinyXml|Win32
		{877B2D1A-DE16-457B-9146-423FE0026E07}.Release|Win32.Build.0 = Release_TinyXml|Win32
		{5BE80F68-1433-4DB4-AD77-F27AD974A65F}.Debug|Win32.ActiveCfg = Debug|Win32
		{5BE80F68-1433-4DB4-AD77-F27AD974A65F}.Debug|Win32.Build.0 = Debug|Win32
		{5BE80F68-1433-4DB4-AD77-F27AD974A65F}.Release|Win32.ActiveCfg = Release|Win32
		{5BE80F68-1433-4DB4-AD77-F27AD974A65F}.Release|Win32.Build.0 = Release|Win32
	EndGlobalSection
	GlobalSection(SolutionProperties) = preSolution
		HideSolutionNode = FALSE
	EndGlobalSection
EndGlobal
