
Microsoft Visual Studio Solution File, Format Version 12.00
# Visual Studio Express 2012 for Windows Desktop
Project("{8BC9CEB8-8B4A-11D0-8D11-00A0C91BC942}") = "libatres", "libatres.vcxproj", "{A1E808A0-FE36-47FE-9E3B-CF195EA31F0A}"
	ProjectSection(ProjectDependencies) = postProject
		{9C043B29-DB40-48D5-97D8-1BC44128E3BA} = {9C043B29-DB40-48D5-97D8-1BC44128E3BA}
	EndProjectSection
EndProject
Project("{8BC9CEB8-8B4A-11D0-8D11-00A0C91BC942}") = "libhltypes", "..\hltypes\libhltypes.vcxproj", "{E4D373BF-E227-48B9-99E6-84987E8674EC}"
	ProjectSection(ProjectDependencies) = postProject
		{C21E5B3F-F2EF-4F4A-8F30-00A2DA05F3D9} = {C21E5B3F-F2EF-4F4A-8F30-00A2DA05F3D9}
	EndProjectSection
EndProject
Project("{8BC9CEB8-8B4A-11D0-8D11-00A0C91BC942}") = "demo_simple", "demos\demo_simple\demo_simple.vcxproj", "{8ED4EDB5-7C0E-411F-BCC6-E96882CC73F3}"
	ProjectSection(ProjectDependencies) = postProject
		{BD643E5E-72FF-4004-BD69-31DC02E5D417} = {BD643E5E-72FF-4004-BD69-31DC02E5D417}
	EndProjectSection
EndProject
Project("{8BC9CEB8-8B4A-11D0-8D11-00A0C91BC942}") = "libapril", "..\april\libapril.vcxproj", "{2D053CDA-686B-4B36-80EB-1DA5F0CEF8F9}"
	ProjectSection(ProjectDependencies) = postProject
		{019DBD2A-273D-4BA4-BF86-B5EFE2ED76B1} = {019DBD2A-273D-4BA4-BF86-B5EFE2ED76B1}
		{D6973076-9317-4EF2-A0B8-B7A18AC0713E} = {D6973076-9317-4EF2-A0B8-B7A18AC0713E}
	EndProjectSection
EndProject
Project("{8BC9CEB8-8B4A-11D0-8D11-00A0C91BC942}") = "libgtypes", "..\gtypes\libgtypes.vcxproj", "{9C043B29-DB40-48D5-97D8-1BC44128E3BA}"
EndProject
Project("{8BC9CEB8-8B4A-11D0-8D11-00A0C91BC942}") = "libatresttf", "atresttf\libatresttf.vcxproj", "{BD643E5E-72FF-4004-BD69-31DC02E5D417}"
	ProjectSection(ProjectDependencies) = postProject
		{9C043B29-DB40-48D5-97D8-1BC44128E3BA} = {9C043B29-DB40-48D5-97D8-1BC44128E3BA}
		{A1E808A0-FE36-47FE-9E3B-CF195EA31F0A} = {A1E808A0-FE36-47FE-9E3B-CF195EA31F0A}
		{78B079BD-9FC7-4B9E-B4A6-96DA0F00248B} = {78B079BD-9FC7-4B9E-B4A6-96DA0F00248B}
		{2D053CDA-686B-4B36-80EB-1DA5F0CEF8F9} = {2D053CDA-686B-4B36-80EB-1DA5F0CEF8F9}
	EndProjectSection
EndProject
Project("{8BC9CEB8-8B4A-11D0-8D11-00A0C91BC942}") = "ttf_fontgen", "scripts\ttf_font_generator\ttf_fontgen.vcxproj", "{FC4F17E2-A496-4301-ABBB-167B6060269D}"
	ProjectSection(ProjectDependencies) = postProject
		{BD643E5E-72FF-4004-BD69-31DC02E5D417} = {BD643E5E-72FF-4004-BD69-31DC02E5D417}
	EndProjectSection
EndProject
Project("{8BC9CEB8-8B4A-11D0-8D11-00A0C91BC942}") = "libjpeg", "..\jpg\libjpeg.vcxproj", "{019DBD2A-273D-4BA4-BF86-B5EFE2ED76B1}"
EndProject
Project("{8BC9CEB8-8B4A-11D0-8D11-00A0C91BC942}") = "libfreetype", "..\freetype\builds\win32\vc2012\libfreetype.vcxproj", "{78B079BD-9FC7-4B9E-B4A6-96DA0F00248B}"
EndProject
Project("{8BC9CEB8-8B4A-11D0-8D11-00A0C91BC942}") = "libpng", "..\png\projects\vstudio11\libpng\libpng.vcxproj", "{D6973076-9317-4EF2-A0B8-B7A18AC0713E}"
	ProjectSection(ProjectDependencies) = postProject
		{C21E5B3F-F2EF-4F4A-8F30-00A2DA05F3D9} = {C21E5B3F-F2EF-4F4A-8F30-00A2DA05F3D9}
		{60F89955-91C6-3A36-8000-13C592FEC2DF} = {60F89955-91C6-3A36-8000-13C592FEC2DF}
	EndProjectSection
EndProject
Project("{8BC9CEB8-8B4A-11D0-8D11-00A0C91BC942}") = "zlib", "..\png\projects\vstudio11\zlib\zlib.vcxproj", "{60F89955-91C6-3A36-8000-13C592FEC2DF}"
EndProject
Project("{8BC9CEB8-8B4A-11D0-8D11-00A0C91BC942}") = "libzip", "..\zip\libzip.vcxproj", "{C21E5B3F-F2EF-4F4A-8F30-00A2DA05F3D9}"
EndProject
Global
	GlobalSection(SolutionConfigurationPlatforms) = preSolution
		Debug|Android = Debug|Android
		Debug|Android-x86 = Debug|Android-x86
		Debug|Win32 = Debug|Win32
		DebugS|Android = DebugS|Android
		DebugS|Android-x86 = DebugS|Android-x86
		DebugS|Win32 = DebugS|Win32
		Release|Android = Release|Android
		Release|Android-x86 = Release|Android-x86
		Release|Win32 = Release|Win32
		ReleaseS|Android = ReleaseS|Android
		ReleaseS|Android-x86 = ReleaseS|Android-x86
		ReleaseS|Win32 = ReleaseS|Win32
	EndGlobalSection
	GlobalSection(ProjectConfigurationPlatforms) = postSolution
		{A1E808A0-FE36-47FE-9E3B-CF195EA31F0A}.Debug|Android.ActiveCfg = Debug|Android
		{A1E808A0-FE36-47FE-9E3B-CF195EA31F0A}.Debug|Android.Build.0 = Debug|Android
		{A1E808A0-FE36-47FE-9E3B-CF195EA31F0A}.Debug|Android-x86.ActiveCfg = Debug|Android-x86
		{A1E808A0-FE36-47FE-9E3B-CF195EA31F0A}.Debug|Android-x86.Build.0 = Debug|Android-x86
		{A1E808A0-FE36-47FE-9E3B-CF195EA31F0A}.Debug|Win32.ActiveCfg = Debug|Win32
		{A1E808A0-FE36-47FE-9E3B-CF195EA31F0A}.Debug|Win32.Build.0 = Debug|Win32
		{A1E808A0-FE36-47FE-9E3B-CF195EA31F0A}.DebugS|Android.ActiveCfg = DebugS|Android
		{A1E808A0-FE36-47FE-9E3B-CF195EA31F0A}.DebugS|Android.Build.0 = DebugS|Android
		{A1E808A0-FE36-47FE-9E3B-CF195EA31F0A}.DebugS|Android-x86.ActiveCfg = DebugS|Android-x86
		{A1E808A0-FE36-47FE-9E3B-CF195EA31F0A}.DebugS|Android-x86.Build.0 = DebugS|Android-x86
		{A1E808A0-FE36-47FE-9E3B-CF195EA31F0A}.DebugS|Win32.ActiveCfg = DebugS|Win32
		{A1E808A0-FE36-47FE-9E3B-CF195EA31F0A}.DebugS|Win32.Build.0 = DebugS|Win32
		{A1E808A0-FE36-47FE-9E3B-CF195EA31F0A}.Release|Android.ActiveCfg = Release|Android
		{A1E808A0-FE36-47FE-9E3B-CF195EA31F0A}.Release|Android.Build.0 = Release|Android
		{A1E808A0-FE36-47FE-9E3B-CF195EA31F0A}.Release|Android-x86.ActiveCfg = Release|Android-x86
		{A1E808A0-FE36-47FE-9E3B-CF195EA31F0A}.Release|Android-x86.Build.0 = Release|Android-x86
		{A1E808A0-FE36-47FE-9E3B-CF195EA31F0A}.Release|Win32.ActiveCfg = Release|Win32
		{A1E808A0-FE36-47FE-9E3B-CF195EA31F0A}.Release|Win32.Build.0 = Release|Win32
		{A1E808A0-FE36-47FE-9E3B-CF195EA31F0A}.ReleaseS|Android.ActiveCfg = ReleaseS|Android
		{A1E808A0-FE36-47FE-9E3B-CF195EA31F0A}.ReleaseS|Android.Build.0 = ReleaseS|Android
		{A1E808A0-FE36-47FE-9E3B-CF195EA31F0A}.ReleaseS|Android-x86.ActiveCfg = ReleaseS|Android-x86
		{A1E808A0-FE36-47FE-9E3B-CF195EA31F0A}.ReleaseS|Android-x86.Build.0 = ReleaseS|Android-x86
		{A1E808A0-FE36-47FE-9E3B-CF195EA31F0A}.ReleaseS|Win32.ActiveCfg = ReleaseS|Win32
		{A1E808A0-FE36-47FE-9E3B-CF195EA31F0A}.ReleaseS|Win32.Build.0 = ReleaseS|Win32
		{E4D373BF-E227-48B9-99E6-84987E8674EC}.Debug|Android.ActiveCfg = Debug_ZipResource|Android
		{E4D373BF-E227-48B9-99E6-84987E8674EC}.Debug|Android.Build.0 = Debug_ZipResource|Android
		{E4D373BF-E227-48B9-99E6-84987E8674EC}.Debug|Android-x86.ActiveCfg = Debug_ZipResource|Android-x86
		{E4D373BF-E227-48B9-99E6-84987E8674EC}.Debug|Android-x86.Build.0 = Debug_ZipResource|Android-x86
		{E4D373BF-E227-48B9-99E6-84987E8674EC}.Debug|Win32.ActiveCfg = Debug|Win32
		{E4D373BF-E227-48B9-99E6-84987E8674EC}.Debug|Win32.Build.0 = Debug|Win32
		{E4D373BF-E227-48B9-99E6-84987E8674EC}.DebugS|Android.ActiveCfg = DebugS_ZipResource|Android
		{E4D373BF-E227-48B9-99E6-84987E8674EC}.DebugS|Android.Build.0 = DebugS_ZipResource|Android
		{E4D373BF-E227-48B9-99E6-84987E8674EC}.DebugS|Android-x86.ActiveCfg = DebugS_ZipResource|Android-x86
		{E4D373BF-E227-48B9-99E6-84987E8674EC}.DebugS|Android-x86.Build.0 = DebugS_ZipResource|Android-x86
		{E4D373BF-E227-48B9-99E6-84987E8674EC}.DebugS|Win32.ActiveCfg = DebugS|Win32
		{E4D373BF-E227-48B9-99E6-84987E8674EC}.DebugS|Win32.Build.0 = DebugS|Win32
		{E4D373BF-E227-48B9-99E6-84987E8674EC}.Release|Android.ActiveCfg = Release_ZipResource|Android
		{E4D373BF-E227-48B9-99E6-84987E8674EC}.Release|Android.Build.0 = Release_ZipResource|Android
		{E4D373BF-E227-48B9-99E6-84987E8674EC}.Release|Android-x86.ActiveCfg = Release_ZipResource|Android-x86
		{E4D373BF-E227-48B9-99E6-84987E8674EC}.Release|Android-x86.Build.0 = Release_ZipResource|Android-x86
		{E4D373BF-E227-48B9-99E6-84987E8674EC}.Release|Win32.ActiveCfg = Release|Win32
		{E4D373BF-E227-48B9-99E6-84987E8674EC}.Release|Win32.Build.0 = Release|Win32
		{E4D373BF-E227-48B9-99E6-84987E8674EC}.ReleaseS|Android.ActiveCfg = ReleaseS_ZipResource|Android
		{E4D373BF-E227-48B9-99E6-84987E8674EC}.ReleaseS|Android.Build.0 = ReleaseS_ZipResource|Android
		{E4D373BF-E227-48B9-99E6-84987E8674EC}.ReleaseS|Android-x86.ActiveCfg = ReleaseS_ZipResource|Android-x86
		{E4D373BF-E227-48B9-99E6-84987E8674EC}.ReleaseS|Android-x86.Build.0 = ReleaseS_ZipResource|Android-x86
		{E4D373BF-E227-48B9-99E6-84987E8674EC}.ReleaseS|Win32.ActiveCfg = ReleaseS|Win32
		{E4D373BF-E227-48B9-99E6-84987E8674EC}.ReleaseS|Win32.Build.0 = ReleaseS|Win32
		{8ED4EDB5-7C0E-411F-BCC6-E96882CC73F3}.Debug|Android.ActiveCfg = Debug|Android
		{8ED4EDB5-7C0E-411F-BCC6-E96882CC73F3}.Debug|Android.Build.0 = Debug|Android
		{8ED4EDB5-7C0E-411F-BCC6-E96882CC73F3}.Debug|Android.Deploy.0 = Debug|Android
		{8ED4EDB5-7C0E-411F-BCC6-E96882CC73F3}.Debug|Android-x86.ActiveCfg = Debug|Android-x86
		{8ED4EDB5-7C0E-411F-BCC6-E96882CC73F3}.Debug|Android-x86.Build.0 = Debug|Android-x86
		{8ED4EDB5-7C0E-411F-BCC6-E96882CC73F3}.Debug|Android-x86.Deploy.0 = Debug|Android-x86
		{8ED4EDB5-7C0E-411F-BCC6-E96882CC73F3}.Debug|Win32.ActiveCfg = Debug|Win32
		{8ED4EDB5-7C0E-411F-BCC6-E96882CC73F3}.Debug|Win32.Build.0 = Debug|Win32
		{8ED4EDB5-7C0E-411F-BCC6-E96882CC73F3}.DebugS|Android.ActiveCfg = DebugS|Android
		{8ED4EDB5-7C0E-411F-BCC6-E96882CC73F3}.DebugS|Android.Build.0 = DebugS|Android
		{8ED4EDB5-7C0E-411F-BCC6-E96882CC73F3}.DebugS|Android.Deploy.0 = DebugS|Android
		{8ED4EDB5-7C0E-411F-BCC6-E96882CC73F3}.DebugS|Android-x86.ActiveCfg = DebugS|Android-x86
		{8ED4EDB5-7C0E-411F-BCC6-E96882CC73F3}.DebugS|Android-x86.Build.0 = DebugS|Android-x86
		{8ED4EDB5-7C0E-411F-BCC6-E96882CC73F3}.DebugS|Android-x86.Deploy.0 = DebugS|Android-x86
		{8ED4EDB5-7C0E-411F-BCC6-E96882CC73F3}.DebugS|Win32.ActiveCfg = DebugS|Win32
		{8ED4EDB5-7C0E-411F-BCC6-E96882CC73F3}.DebugS|Win32.Build.0 = DebugS|Win32
		{8ED4EDB5-7C0E-411F-BCC6-E96882CC73F3}.Release|Android.ActiveCfg = Release|Android
		{8ED4EDB5-7C0E-411F-BCC6-E96882CC73F3}.Release|Android.Build.0 = Release|Android
		{8ED4EDB5-7C0E-411F-BCC6-E96882CC73F3}.Release|Android.Deploy.0 = Release|Android
		{8ED4EDB5-7C0E-411F-BCC6-E96882CC73F3}.Release|Android-x86.ActiveCfg = Release|Android-x86
		{8ED4EDB5-7C0E-411F-BCC6-E96882CC73F3}.Release|Android-x86.Build.0 = Release|Android-x86
		{8ED4EDB5-7C0E-411F-BCC6-E96882CC73F3}.Release|Android-x86.Deploy.0 = Release|Android-x86
		{8ED4EDB5-7C0E-411F-BCC6-E96882CC73F3}.Release|Win32.ActiveCfg = Release|Win32
		{8ED4EDB5-7C0E-411F-BCC6-E96882CC73F3}.Release|Win32.Build.0 = Release|Win32
		{8ED4EDB5-7C0E-411F-BCC6-E96882CC73F3}.ReleaseS|Android.ActiveCfg = ReleaseS|Android
		{8ED4EDB5-7C0E-411F-BCC6-E96882CC73F3}.ReleaseS|Android.Build.0 = ReleaseS|Android
		{8ED4EDB5-7C0E-411F-BCC6-E96882CC73F3}.ReleaseS|Android.Deploy.0 = ReleaseS|Android
		{8ED4EDB5-7C0E-411F-BCC6-E96882CC73F3}.ReleaseS|Android-x86.ActiveCfg = ReleaseS|Android-x86
		{8ED4EDB5-7C0E-411F-BCC6-E96882CC73F3}.ReleaseS|Android-x86.Build.0 = ReleaseS|Android-x86
		{8ED4EDB5-7C0E-411F-BCC6-E96882CC73F3}.ReleaseS|Android-x86.Deploy.0 = ReleaseS|Android-x86
		{8ED4EDB5-7C0E-411F-BCC6-E96882CC73F3}.ReleaseS|Win32.ActiveCfg = ReleaseS|Win32
		{8ED4EDB5-7C0E-411F-BCC6-E96882CC73F3}.ReleaseS|Win32.Build.0 = ReleaseS|Win32
		{2D053CDA-686B-4B36-80EB-1DA5F0CEF8F9}.Debug|Android.ActiveCfg = Debug_OpenGLES1|Android
		{2D053CDA-686B-4B36-80EB-1DA5F0CEF8F9}.Debug|Android.Build.0 = Debug_OpenGLES1|Android
		{2D053CDA-686B-4B36-80EB-1DA5F0CEF8F9}.Debug|Android-x86.ActiveCfg = Debug_OpenGLES1|Android-x86
		{2D053CDA-686B-4B36-80EB-1DA5F0CEF8F9}.Debug|Android-x86.Build.0 = Debug_OpenGLES1|Android-x86
		{2D053CDA-686B-4B36-80EB-1DA5F0CEF8F9}.Debug|Win32.ActiveCfg = Debug_DirectX9|Win32
		{2D053CDA-686B-4B36-80EB-1DA5F0CEF8F9}.Debug|Win32.Build.0 = Debug_DirectX9|Win32
		{2D053CDA-686B-4B36-80EB-1DA5F0CEF8F9}.DebugS|Android.ActiveCfg = DebugS_OpenGLES1|Android
		{2D053CDA-686B-4B36-80EB-1DA5F0CEF8F9}.DebugS|Android.Build.0 = DebugS_OpenGLES1|Android
		{2D053CDA-686B-4B36-80EB-1DA5F0CEF8F9}.DebugS|Android-x86.ActiveCfg = DebugS_OpenGLES1|Android-x86
		{2D053CDA-686B-4B36-80EB-1DA5F0CEF8F9}.DebugS|Android-x86.Build.0 = DebugS_OpenGLES1|Android-x86
		{2D053CDA-686B-4B36-80EB-1DA5F0CEF8F9}.DebugS|Win32.ActiveCfg = DebugS_DirectX9|Win32
		{2D053CDA-686B-4B36-80EB-1DA5F0CEF8F9}.DebugS|Win32.Build.0 = DebugS_DirectX9|Win32
		{2D053CDA-686B-4B36-80EB-1DA5F0CEF8F9}.Release|Android.ActiveCfg = Release_OpenGLES1|Android
		{2D053CDA-686B-4B36-80EB-1DA5F0CEF8F9}.Release|Android.Build.0 = Release_OpenGLES1|Android
		{2D053CDA-686B-4B36-80EB-1DA5F0CEF8F9}.Release|Android-x86.ActiveCfg = Release_OpenGLES1|Android-x86
		{2D053CDA-686B-4B36-80EB-1DA5F0CEF8F9}.Release|Android-x86.Build.0 = Release_OpenGLES1|Android-x86
		{2D053CDA-686B-4B36-80EB-1DA5F0CEF8F9}.Release|Win32.ActiveCfg = Release_DirectX9|Win32
		{2D053CDA-686B-4B36-80EB-1DA5F0CEF8F9}.Release|Win32.Build.0 = Release_DirectX9|Win32
		{2D053CDA-686B-4B36-80EB-1DA5F0CEF8F9}.ReleaseS|Android.ActiveCfg = ReleaseS_OpenGLES1|Android
		{2D053CDA-686B-4B36-80EB-1DA5F0CEF8F9}.ReleaseS|Android.Build.0 = ReleaseS_OpenGLES1|Android
		{2D053CDA-686B-4B36-80EB-1DA5F0CEF8F9}.ReleaseS|Android-x86.ActiveCfg = ReleaseS_OpenGLES1|Android-x86
		{2D053CDA-686B-4B36-80EB-1DA5F0CEF8F9}.ReleaseS|Android-x86.Build.0 = ReleaseS_OpenGLES1|Android-x86
		{2D053CDA-686B-4B36-80EB-1DA5F0CEF8F9}.ReleaseS|Win32.ActiveCfg = ReleaseS_DirectX9|Win32
		{2D053CDA-686B-4B36-80EB-1DA5F0CEF8F9}.ReleaseS|Win32.Build.0 = ReleaseS_DirectX9|Win32
		{9C043B29-DB40-48D5-97D8-1BC44128E3BA}.Debug|Android.ActiveCfg = Debug|Android
		{9C043B29-DB40-48D5-97D8-1BC44128E3BA}.Debug|Android.Build.0 = Debug|Android
		{9C043B29-DB40-48D5-97D8-1BC44128E3BA}.Debug|Android-x86.ActiveCfg = Debug|Android-x86
		{9C043B29-DB40-48D5-97D8-1BC44128E3BA}.Debug|Android-x86.Build.0 = Debug|Android-x86
		{9C043B29-DB40-48D5-97D8-1BC44128E3BA}.Debug|Win32.ActiveCfg = Debug|Win32
		{9C043B29-DB40-48D5-97D8-1BC44128E3BA}.Debug|Win32.Build.0 = Debug|Win32
		{9C043B29-DB40-48D5-97D8-1BC44128E3BA}.DebugS|Android.ActiveCfg = DebugS|Android
		{9C043B29-DB40-48D5-97D8-1BC44128E3BA}.DebugS|Android.Build.0 = DebugS|Android
		{9C043B29-DB40-48D5-97D8-1BC44128E3BA}.DebugS|Android-x86.ActiveCfg = DebugS|Android-x86
		{9C043B29-DB40-48D5-97D8-1BC44128E3BA}.DebugS|Android-x86.Build.0 = DebugS|Android-x86
		{9C043B29-DB40-48D5-97D8-1BC44128E3BA}.DebugS|Win32.ActiveCfg = DebugS|Win32
		{9C043B29-DB40-48D5-97D8-1BC44128E3BA}.DebugS|Win32.Build.0 = DebugS|Win32
		{9C043B29-DB40-48D5-97D8-1BC44128E3BA}.Release|Android.ActiveCfg = Release|Android
		{9C043B29-DB40-48D5-97D8-1BC44128E3BA}.Release|Android.Build.0 = Release|Android
		{9C043B29-DB40-48D5-97D8-1BC44128E3BA}.Release|Android-x86.ActiveCfg = Release|Android-x86
		{9C043B29-DB40-48D5-97D8-1BC44128E3BA}.Release|Android-x86.Build.0 = Release|Android-x86
		{9C043B29-DB40-48D5-97D8-1BC44128E3BA}.Release|Win32.ActiveCfg = Release|Win32
		{9C043B29-DB40-48D5-97D8-1BC44128E3BA}.Release|Win32.Build.0 = Release|Win32
		{9C043B29-DB40-48D5-97D8-1BC44128E3BA}.ReleaseS|Android.ActiveCfg = ReleaseS|Android
		{9C043B29-DB40-48D5-97D8-1BC44128E3BA}.ReleaseS|Android.Build.0 = ReleaseS|Android
		{9C043B29-DB40-48D5-97D8-1BC44128E3BA}.ReleaseS|Android-x86.ActiveCfg = ReleaseS|Android-x86
		{9C043B29-DB40-48D5-97D8-1BC44128E3BA}.ReleaseS|Android-x86.Build.0 = ReleaseS|Android-x86
		{9C043B29-DB40-48D5-97D8-1BC44128E3BA}.ReleaseS|Win32.ActiveCfg = ReleaseS|Win32
		{9C043B29-DB40-48D5-97D8-1BC44128E3BA}.ReleaseS|Win32.Build.0 = ReleaseS|Win32
		{BD643E5E-72FF-4004-BD69-31DC02E5D417}.Debug|Android.ActiveCfg = Debug|Android
		{BD643E5E-72FF-4004-BD69-31DC02E5D417}.Debug|Android.Build.0 = Debug|Android
		{BD643E5E-72FF-4004-BD69-31DC02E5D417}.Debug|Android.Deploy.0 = Debug|Android
		{BD643E5E-72FF-4004-BD69-31DC02E5D417}.Debug|Android-x86.ActiveCfg = Debug|Android-x86
		{BD643E5E-72FF-4004-BD69-31DC02E5D417}.Debug|Android-x86.Build.0 = Debug|Android-x86
		{BD643E5E-72FF-4004-BD69-31DC02E5D417}.Debug|Android-x86.Deploy.0 = Debug|Android-x86
		{BD643E5E-72FF-4004-BD69-31DC02E5D417}.Debug|Win32.ActiveCfg = Debug|Win32
		{BD643E5E-72FF-4004-BD69-31DC02E5D417}.Debug|Win32.Build.0 = Debug|Win32
		{BD643E5E-72FF-4004-BD69-31DC02E5D417}.DebugS|Android.ActiveCfg = DebugS|Android
		{BD643E5E-72FF-4004-BD69-31DC02E5D417}.DebugS|Android.Build.0 = DebugS|Android
		{BD643E5E-72FF-4004-BD69-31DC02E5D417}.DebugS|Android.Deploy.0 = DebugS|Android
		{BD643E5E-72FF-4004-BD69-31DC02E5D417}.DebugS|Android-x86.ActiveCfg = DebugS|Android-x86
		{BD643E5E-72FF-4004-BD69-31DC02E5D417}.DebugS|Android-x86.Build.0 = DebugS|Android-x86
		{BD643E5E-72FF-4004-BD69-31DC02E5D417}.DebugS|Android-x86.Deploy.0 = DebugS|Android-x86
		{BD643E5E-72FF-4004-BD69-31DC02E5D417}.DebugS|Win32.ActiveCfg = DebugS|Win32
		{BD643E5E-72FF-4004-BD69-31DC02E5D417}.DebugS|Win32.Build.0 = DebugS|Win32
		{BD643E5E-72FF-4004-BD69-31DC02E5D417}.Release|Android.ActiveCfg = Release|Android
		{BD643E5E-72FF-4004-BD69-31DC02E5D417}.Release|Android.Build.0 = Release|Android
		{BD643E5E-72FF-4004-BD69-31DC02E5D417}.Release|Android.Deploy.0 = Release|Android
		{BD643E5E-72FF-4004-BD69-31DC02E5D417}.Release|Android-x86.ActiveCfg = Release|Android-x86
		{BD643E5E-72FF-4004-BD69-31DC02E5D417}.Release|Android-x86.Build.0 = Release|Android-x86
		{BD643E5E-72FF-4004-BD69-31DC02E5D417}.Release|Android-x86.Deploy.0 = Release|Android-x86
		{BD643E5E-72FF-4004-BD69-31DC02E5D417}.Release|Win32.ActiveCfg = Release|Win32
		{BD643E5E-72FF-4004-BD69-31DC02E5D417}.Release|Win32.Build.0 = Release|Win32
		{BD643E5E-72FF-4004-BD69-31DC02E5D417}.ReleaseS|Android.ActiveCfg = ReleaseS|Android
		{BD643E5E-72FF-4004-BD69-31DC02E5D417}.ReleaseS|Android.Build.0 = ReleaseS|Android
		{BD643E5E-72FF-4004-BD69-31DC02E5D417}.ReleaseS|Android.Deploy.0 = ReleaseS|Android
		{BD643E5E-72FF-4004-BD69-31DC02E5D417}.ReleaseS|Android-x86.ActiveCfg = ReleaseS|Android-x86
		{BD643E5E-72FF-4004-BD69-31DC02E5D417}.ReleaseS|Android-x86.Build.0 = ReleaseS|Android-x86
		{BD643E5E-72FF-4004-BD69-31DC02E5D417}.ReleaseS|Android-x86.Deploy.0 = ReleaseS|Android-x86
		{BD643E5E-72FF-4004-BD69-31DC02E5D417}.ReleaseS|Win32.ActiveCfg = ReleaseS|Win32
		{BD643E5E-72FF-4004-BD69-31DC02E5D417}.ReleaseS|Win32.Build.0 = ReleaseS|Win32
		{FC4F17E2-A496-4301-ABBB-167B6060269D}.Debug|Android.ActiveCfg = Debug|Win32
		{FC4F17E2-A496-4301-ABBB-167B6060269D}.Debug|Android-x86.ActiveCfg = Debug|Android-x86
		{FC4F17E2-A496-4301-ABBB-167B6060269D}.Debug|Win32.ActiveCfg = Debug|Win32
		{FC4F17E2-A496-4301-ABBB-167B6060269D}.DebugS|Android.ActiveCfg = Debug|Android
		{FC4F17E2-A496-4301-ABBB-167B6060269D}.DebugS|Android-x86.ActiveCfg = Debug|Android-x86
		{FC4F17E2-A496-4301-ABBB-167B6060269D}.DebugS|Win32.ActiveCfg = Debug|Win32
		{FC4F17E2-A496-4301-ABBB-167B6060269D}.Release|Android.ActiveCfg = Release|Android
		{FC4F17E2-A496-4301-ABBB-167B6060269D}.Release|Android-x86.ActiveCfg = Release|Android-x86
		{FC4F17E2-A496-4301-ABBB-167B6060269D}.Release|Win32.ActiveCfg = Release|Win32
		{FC4F17E2-A496-4301-ABBB-167B6060269D}.ReleaseS|Android.ActiveCfg = Release|Android
		{FC4F17E2-A496-4301-ABBB-167B6060269D}.ReleaseS|Android-x86.ActiveCfg = Release|Android-x86
		{FC4F17E2-A496-4301-ABBB-167B6060269D}.ReleaseS|Win32.ActiveCfg = Release|Win32
		{019DBD2A-273D-4BA4-BF86-B5EFE2ED76B1}.Debug|Android.ActiveCfg = Debug|Android
		{019DBD2A-273D-4BA4-BF86-B5EFE2ED76B1}.Debug|Android.Build.0 = Debug|Android
		{019DBD2A-273D-4BA4-BF86-B5EFE2ED76B1}.Debug|Android-x86.ActiveCfg = Debug|Android-x86
		{019DBD2A-273D-4BA4-BF86-B5EFE2ED76B1}.Debug|Android-x86.Build.0 = Debug|Android-x86
		{019DBD2A-273D-4BA4-BF86-B5EFE2ED76B1}.Debug|Win32.ActiveCfg = Debug|Win32
		{019DBD2A-273D-4BA4-BF86-B5EFE2ED76B1}.Debug|Win32.Build.0 = Debug|Win32
		{019DBD2A-273D-4BA4-BF86-B5EFE2ED76B1}.DebugS|Android.ActiveCfg = DebugS|Android
		{019DBD2A-273D-4BA4-BF86-B5EFE2ED76B1}.DebugS|Android.Build.0 = DebugS|Android
		{019DBD2A-273D-4BA4-BF86-B5EFE2ED76B1}.DebugS|Android-x86.ActiveCfg = DebugS|Android-x86
		{019DBD2A-273D-4BA4-BF86-B5EFE2ED76B1}.DebugS|Android-x86.Build.0 = DebugS|Android-x86
		{019DBD2A-273D-4BA4-BF86-B5EFE2ED76B1}.DebugS|Win32.ActiveCfg = DebugS|Win32
		{019DBD2A-273D-4BA4-BF86-B5EFE2ED76B1}.DebugS|Win32.Build.0 = DebugS|Win32
		{019DBD2A-273D-4BA4-BF86-B5EFE2ED76B1}.Release|Android.ActiveCfg = Release|Android
		{019DBD2A-273D-4BA4-BF86-B5EFE2ED76B1}.Release|Android.Build.0 = Release|Android
		{019DBD2A-273D-4BA4-BF86-B5EFE2ED76B1}.Release|Android-x86.ActiveCfg = Release|Android-x86
		{019DBD2A-273D-4BA4-BF86-B5EFE2ED76B1}.Release|Android-x86.Build.0 = Release|Android-x86
		{019DBD2A-273D-4BA4-BF86-B5EFE2ED76B1}.Release|Win32.ActiveCfg = Release|Win32
		{019DBD2A-273D-4BA4-BF86-B5EFE2ED76B1}.Release|Win32.Build.0 = Release|Win32
		{019DBD2A-273D-4BA4-BF86-B5EFE2ED76B1}.ReleaseS|Android.ActiveCfg = ReleaseS|Android
		{019DBD2A-273D-4BA4-BF86-B5EFE2ED76B1}.ReleaseS|Android.Build.0 = ReleaseS|Android
		{019DBD2A-273D-4BA4-BF86-B5EFE2ED76B1}.ReleaseS|Android-x86.ActiveCfg = ReleaseS|Android-x86
		{019DBD2A-273D-4BA4-BF86-B5EFE2ED76B1}.ReleaseS|Android-x86.Build.0 = ReleaseS|Android-x86
		{019DBD2A-273D-4BA4-BF86-B5EFE2ED76B1}.ReleaseS|Win32.ActiveCfg = ReleaseS|Win32
		{019DBD2A-273D-4BA4-BF86-B5EFE2ED76B1}.ReleaseS|Win32.Build.0 = ReleaseS|Win32
		{78B079BD-9FC7-4B9E-B4A6-96DA0F00248B}.Debug|Android.ActiveCfg = Release|Android
		{78B079BD-9FC7-4B9E-B4A6-96DA0F00248B}.Debug|Android.Build.0 = Release|Android
		{78B079BD-9FC7-4B9E-B4A6-96DA0F00248B}.Debug|Android-x86.ActiveCfg = Debug|Android-x86
		{78B079BD-9FC7-4B9E-B4A6-96DA0F00248B}.Debug|Android-x86.Build.0 = Debug|Android-x86
		{78B079BD-9FC7-4B9E-B4A6-96DA0F00248B}.Debug|Win32.ActiveCfg = Debug|Win32
		{78B079BD-9FC7-4B9E-B4A6-96DA0F00248B}.Debug|Win32.Build.0 = Debug|Win32
		{78B079BD-9FC7-4B9E-B4A6-96DA0F00248B}.DebugS|Android.ActiveCfg = Release|Android
		{78B079BD-9FC7-4B9E-B4A6-96DA0F00248B}.DebugS|Android.Build.0 = Release|Android
		{78B079BD-9FC7-4B9E-B4A6-96DA0F00248B}.DebugS|Android-x86.ActiveCfg = Release|Android-x86
		{78B079BD-9FC7-4B9E-B4A6-96DA0F00248B}.DebugS|Android-x86.Build.0 = Release|Android-x86
		{78B079BD-9FC7-4B9E-B4A6-96DA0F00248B}.DebugS|Win32.ActiveCfg = Debug Multithreaded|Win32
		{78B079BD-9FC7-4B9E-B4A6-96DA0F00248B}.DebugS|Win32.Build.0 = Debug Multithreaded|Win32
		{78B079BD-9FC7-4B9E-B4A6-96DA0F00248B}.Release|Android.ActiveCfg = Release|Android
		{78B079BD-9FC7-4B9E-B4A6-96DA0F00248B}.Release|Android.Build.0 = Release|Android
		{78B079BD-9FC7-4B9E-B4A6-96DA0F00248B}.Release|Android-x86.ActiveCfg = Release|Android-x86
		{78B079BD-9FC7-4B9E-B4A6-96DA0F00248B}.Release|Android-x86.Build.0 = Release|Android-x86
		{78B079BD-9FC7-4B9E-B4A6-96DA0F00248B}.Release|Win32.ActiveCfg = Release|Win32
		{78B079BD-9FC7-4B9E-B4A6-96DA0F00248B}.Release|Win32.Build.0 = Release|Win32
		{78B079BD-9FC7-4B9E-B4A6-96DA0F00248B}.ReleaseS|Android.ActiveCfg = Release|Android
		{78B079BD-9FC7-4B9E-B4A6-96DA0F00248B}.ReleaseS|Android.Build.0 = Release|Android
		{78B079BD-9FC7-4B9E-B4A6-96DA0F00248B}.ReleaseS|Android-x86.ActiveCfg = Release|Android-x86
		{78B079BD-9FC7-4B9E-B4A6-96DA0F00248B}.ReleaseS|Android-x86.Build.0 = Release|Android-x86
		{78B079BD-9FC7-4B9E-B4A6-96DA0F00248B}.ReleaseS|Win32.ActiveCfg = Release Multithreaded|Win32
		{78B079BD-9FC7-4B9E-B4A6-96DA0F00248B}.ReleaseS|Win32.Build.0 = Release Multithreaded|Win32
		{D6973076-9317-4EF2-A0B8-B7A18AC0713E}.Debug|Android.ActiveCfg = Debug|Android
		{D6973076-9317-4EF2-A0B8-B7A18AC0713E}.Debug|Android.Build.0 = Debug|Android
		{D6973076-9317-4EF2-A0B8-B7A18AC0713E}.Debug|Android-x86.ActiveCfg = Debug|Android-x86
		{D6973076-9317-4EF2-A0B8-B7A18AC0713E}.Debug|Android-x86.Build.0 = Debug|Android-x86
		{D6973076-9317-4EF2-A0B8-B7A18AC0713E}.Debug|Win32.ActiveCfg = Debug|Win32
		{D6973076-9317-4EF2-A0B8-B7A18AC0713E}.Debug|Win32.Build.0 = Debug|Win32
		{D6973076-9317-4EF2-A0B8-B7A18AC0713E}.DebugS|Android.ActiveCfg = DebugS|Android
		{D6973076-9317-4EF2-A0B8-B7A18AC0713E}.DebugS|Android.Build.0 = DebugS|Android
		{D6973076-9317-4EF2-A0B8-B7A18AC0713E}.DebugS|Android-x86.ActiveCfg = DebugS|Android-x86
		{D6973076-9317-4EF2-A0B8-B7A18AC0713E}.DebugS|Android-x86.Build.0 = DebugS|Android-x86
		{D6973076-9317-4EF2-A0B8-B7A18AC0713E}.DebugS|Win32.ActiveCfg = DebugS|Win32
		{D6973076-9317-4EF2-A0B8-B7A18AC0713E}.DebugS|Win32.Build.0 = DebugS|Win32
		{D6973076-9317-4EF2-A0B8-B7A18AC0713E}.Release|Android.ActiveCfg = Release|Android
		{D6973076-9317-4EF2-A0B8-B7A18AC0713E}.Release|Android.Build.0 = Release|Android
		{D6973076-9317-4EF2-A0B8-B7A18AC0713E}.Release|Android-x86.ActiveCfg = Release|Android-x86
		{D6973076-9317-4EF2-A0B8-B7A18AC0713E}.Release|Android-x86.Build.0 = Release|Android-x86
		{D6973076-9317-4EF2-A0B8-B7A18AC0713E}.Release|Win32.ActiveCfg = Release|Win32
		{D6973076-9317-4EF2-A0B8-B7A18AC0713E}.Release|Win32.Build.0 = Release|Win32
		{D6973076-9317-4EF2-A0B8-B7A18AC0713E}.ReleaseS|Android.ActiveCfg = ReleaseS|Android
		{D6973076-9317-4EF2-A0B8-B7A18AC0713E}.ReleaseS|Android.Build.0 = ReleaseS|Android
		{D6973076-9317-4EF2-A0B8-B7A18AC0713E}.ReleaseS|Android-x86.ActiveCfg = ReleaseS|Android-x86
		{D6973076-9317-4EF2-A0B8-B7A18AC0713E}.ReleaseS|Android-x86.Build.0 = ReleaseS|Android-x86
		{D6973076-9317-4EF2-A0B8-B7A18AC0713E}.ReleaseS|Win32.ActiveCfg = ReleaseS|Win32
		{D6973076-9317-4EF2-A0B8-B7A18AC0713E}.ReleaseS|Win32.Build.0 = ReleaseS|Win32
		{60F89955-91C6-3A36-8000-13C592FEC2DF}.Debug|Android.ActiveCfg = Debug|Win32
		{60F89955-91C6-3A36-8000-13C592FEC2DF}.Debug|Android-x86.ActiveCfg = Debug|Win32
		{60F89955-91C6-3A36-8000-13C592FEC2DF}.Debug|Win32.ActiveCfg = Debug|Win32
		{60F89955-91C6-3A36-8000-13C592FEC2DF}.Debug|Win32.Build.0 = Debug|Win32
		{60F89955-91C6-3A36-8000-13C592FEC2DF}.DebugS|Android.ActiveCfg = DebugS|Win32
		{60F89955-91C6-3A36-8000-13C592FEC2DF}.DebugS|Android-x86.ActiveCfg = DebugS|Win32
		{60F89955-91C6-3A36-8000-13C592FEC2DF}.DebugS|Win32.ActiveCfg = DebugS|Win32
		{60F89955-91C6-3A36-8000-13C592FEC2DF}.DebugS|Win32.Build.0 = DebugS|Win32
		{60F89955-91C6-3A36-8000-13C592FEC2DF}.Release|Android.ActiveCfg = Release|Win32
		{60F89955-91C6-3A36-8000-13C592FEC2DF}.Release|Android-x86.ActiveCfg = Release|Win32
		{60F89955-91C6-3A36-8000-13C592FEC2DF}.Release|Win32.ActiveCfg = Release|Win32
		{60F89955-91C6-3A36-8000-13C592FEC2DF}.Release|Win32.Build.0 = Release|Win32
		{60F89955-91C6-3A36-8000-13C592FEC2DF}.ReleaseS|Android.ActiveCfg = ReleaseS|Win32
		{60F89955-91C6-3A36-8000-13C592FEC2DF}.ReleaseS|Android-x86.ActiveCfg = ReleaseS|Win32
		{60F89955-91C6-3A36-8000-13C592FEC2DF}.ReleaseS|Win32.ActiveCfg = ReleaseS|Win32
		{60F89955-91C6-3A36-8000-13C592FEC2DF}.ReleaseS|Win32.Build.0 = ReleaseS|Win32
		{C21E5B3F-F2EF-4F4A-8F30-00A2DA05F3D9}.Debug|Android.ActiveCfg = Debug|Android
		{C21E5B3F-F2EF-4F4A-8F30-00A2DA05F3D9}.Debug|Android.Build.0 = Debug|Android
		{C21E5B3F-F2EF-4F4A-8F30-00A2DA05F3D9}.Debug|Android-x86.ActiveCfg = Debug|Android-x86
		{C21E5B3F-F2EF-4F4A-8F30-00A2DA05F3D9}.Debug|Android-x86.Build.0 = Debug|Android-x86
		{C21E5B3F-F2EF-4F4A-8F30-00A2DA05F3D9}.Debug|Win32.ActiveCfg = Debug|Win32
		{C21E5B3F-F2EF-4F4A-8F30-00A2DA05F3D9}.DebugS|Android.ActiveCfg = Debug|Android
		{C21E5B3F-F2EF-4F4A-8F30-00A2DA05F3D9}.DebugS|Android.Build.0 = Debug|Android
		{C21E5B3F-F2EF-4F4A-8F30-00A2DA05F3D9}.DebugS|Android-x86.ActiveCfg = Debug|Android-x86
		{C21E5B3F-F2EF-4F4A-8F30-00A2DA05F3D9}.DebugS|Android-x86.Build.0 = Debug|Android-x86
		{C21E5B3F-F2EF-4F4A-8F30-00A2DA05F3D9}.DebugS|Win32.ActiveCfg = Debug|Win32
		{C21E5B3F-F2EF-4F4A-8F30-00A2DA05F3D9}.Release|Android.ActiveCfg = Release|Android
		{C21E5B3F-F2EF-4F4A-8F30-00A2DA05F3D9}.Release|Android.Build.0 = Release|Android
		{C21E5B3F-F2EF-4F4A-8F30-00A2DA05F3D9}.Release|Android-x86.ActiveCfg = Release|Android-x86
		{C21E5B3F-F2EF-4F4A-8F30-00A2DA05F3D9}.Release|Android-x86.Build.0 = Release|Android-x86
		{C21E5B3F-F2EF-4F4A-8F30-00A2DA05F3D9}.Release|Win32.ActiveCfg = Release|Win32
		{C21E5B3F-F2EF-4F4A-8F30-00A2DA05F3D9}.ReleaseS|Android.ActiveCfg = Release|Android
		{C21E5B3F-F2EF-4F4A-8F30-00A2DA05F3D9}.ReleaseS|Android.Build.0 = Release|Android
		{C21E5B3F-F2EF-4F4A-8F30-00A2DA05F3D9}.ReleaseS|Android-x86.ActiveCfg = Release|Android-x86
		{C21E5B3F-F2EF-4F4A-8F30-00A2DA05F3D9}.ReleaseS|Android-x86.Build.0 = Release|Android-x86
		{C21E5B3F-F2EF-4F4A-8F30-00A2DA05F3D9}.ReleaseS|Win32.ActiveCfg = Release|Win32
	EndGlobalSection
	GlobalSection(SolutionProperties) = preSolution
		HideSolutionNode = FALSE
	EndGlobalSection
EndGlobal
