
Microsoft Visual Studio Solution File, Format Version 10.00
# Visual C++ Express 2008
Project("{8BC9CEB8-8B4A-11D0-8D11-00A0C91BC942}") = "libatres", "libatres.vcproj", "{A1E808A0-FE36-47FE-9E3B-CF195EA31F0A}"
	ProjectSection(ProjectDependencies) = postProject
		{9C043B29-DB40-48D5-97D8-1BC44128E3BA} = {9C043B29-DB40-48D5-97D8-1BC44128E3BA}
		{E4D373BF-E227-48B9-99E6-84987E8674EC} = {E4D373BF-E227-48B9-99E6-84987E8674EC}
		{2D053CDA-686B-4B36-80EB-1DA5F0CEF8F9} = {2D053CDA-686B-4B36-80EB-1DA5F0CEF8F9}
	EndProjectSection
EndProject
Project("{8BC9CEB8-8B4A-11D0-8D11-00A0C91BC942}") = "libhltypes", "..\hltypes\libhltypes.vcproj", "{E4D373BF-E227-48B9-99E6-84987E8674EC}"
EndProject
Project("{8BC9CEB8-8B4A-11D0-8D11-00A0C91BC942}") = "demo_simple", "demos\demo_simple\demo_simple.vcproj", "{8ED4EDB5-7C0E-411F-BCC6-E96882CC73F3}"
	ProjectSection(ProjectDependencies) = postProject
		{9C043B29-DB40-48D5-97D8-1BC44128E3BA} = {9C043B29-DB40-48D5-97D8-1BC44128E3BA}
		{A1E808A0-FE36-47FE-9E3B-CF195EA31F0A} = {A1E808A0-FE36-47FE-9E3B-CF195EA31F0A}
		{E4D373BF-E227-48B9-99E6-84987E8674EC} = {E4D373BF-E227-48B9-99E6-84987E8674EC}
		{56FF74D1-34D0-4DDB-8B89-F6F9200842B8} = {56FF74D1-34D0-4DDB-8B89-F6F9200842B8}
		{2D053CDA-686B-4B36-80EB-1DA5F0CEF8F9} = {2D053CDA-686B-4B36-80EB-1DA5F0CEF8F9}
	EndProjectSection
EndProject
Project("{8BC9CEB8-8B4A-11D0-8D11-00A0C91BC942}") = "libaprilui", "..\aprilui\libaprilui.vcproj", "{56FF74D1-34D0-4DDB-8B89-F6F9200842B8}"
	ProjectSection(ProjectDependencies) = postProject
		{9C043B29-DB40-48D5-97D8-1BC44128E3BA} = {9C043B29-DB40-48D5-97D8-1BC44128E3BA}
		{A1E808A0-FE36-47FE-9E3B-CF195EA31F0A} = {A1E808A0-FE36-47FE-9E3B-CF195EA31F0A}
		{E4D373BF-E227-48B9-99E6-84987E8674EC} = {E4D373BF-E227-48B9-99E6-84987E8674EC}
		{2D053CDA-686B-4B36-80EB-1DA5F0CEF8F9} = {2D053CDA-686B-4B36-80EB-1DA5F0CEF8F9}
		{877B2D1A-DE16-457B-9146-423FE0026E07} = {877B2D1A-DE16-457B-9146-423FE0026E07}
	EndProjectSection
EndProject
Project("{8BC9CEB8-8B4A-11D0-8D11-00A0C91BC942}") = "libapril", "..\april\libapril.vcproj", "{2D053CDA-686B-4B36-80EB-1DA5F0CEF8F9}"
	ProjectSection(ProjectDependencies) = postProject
		{9C043B29-DB40-48D5-97D8-1BC44128E3BA} = {9C043B29-DB40-48D5-97D8-1BC44128E3BA}
		{E4D373BF-E227-48B9-99E6-84987E8674EC} = {E4D373BF-E227-48B9-99E6-84987E8674EC}
	EndProjectSection
EndProject
Project("{8BC9CEB8-8B4A-11D0-8D11-00A0C91BC942}") = "libgtypes", "..\gtypes\libgtypes.vcproj", "{9C043B29-DB40-48D5-97D8-1BC44128E3BA}"
EndProject
Project("{8BC9CEB8-8B4A-11D0-8D11-00A0C91BC942}") = "fontgen", "scripts\win32_font_generator\fontgen.vcproj", "{0FC9EEDA-7001-476C-846A-06AC6330B3B1}"
EndProject
Project("{8BC9CEB8-8B4A-11D0-8D11-00A0C91BC942}") = "libatresttf", "atresttf\libatresttf.vcproj", "{4A055F1C-7F19-4CE2-8374-583AC6C7875E}"
	ProjectSection(ProjectDependencies) = postProject
		{9C043B29-DB40-48D5-97D8-1BC44128E3BA} = {9C043B29-DB40-48D5-97D8-1BC44128E3BA}
		{A1E808A0-FE36-47FE-9E3B-CF195EA31F0A} = {A1E808A0-FE36-47FE-9E3B-CF195EA31F0A}
		{E4D373BF-E227-48B9-99E6-84987E8674EC} = {E4D373BF-E227-48B9-99E6-84987E8674EC}
		{2D053CDA-686B-4B36-80EB-1DA5F0CEF8F9} = {2D053CDA-686B-4B36-80EB-1DA5F0CEF8F9}
	EndProjectSection
EndProject
Project("{8BC9CEB8-8B4A-11D0-8D11-00A0C91BC942}") = "libhlxml", "..\hltypes\hlxml\libhlxml.vcproj", "{877B2D1A-DE16-457B-9146-423FE0026E07}"
	ProjectSection(ProjectDependencies) = postProject
		{E4D373BF-E227-48B9-99E6-84987E8674EC} = {E4D373BF-E227-48B9-99E6-84987E8674EC}
	EndProjectSection
EndProject
Global
	GlobalSection(SolutionConfigurationPlatforms) = preSolution
		win32_Debug|Win32 = win32_Debug|Win32
		win32_Release|Win32 = win32_Release|Win32
	EndGlobalSection
	GlobalSection(ProjectConfigurationPlatforms) = postSolution
		{A1E808A0-FE36-47FE-9E3B-CF195EA31F0A}.win32_Debug|Win32.ActiveCfg = win32_Debug|Win32
		{A1E808A0-FE36-47FE-9E3B-CF195EA31F0A}.win32_Debug|Win32.Build.0 = win32_Debug|Win32
		{A1E808A0-FE36-47FE-9E3B-CF195EA31F0A}.win32_Release|Win32.ActiveCfg = win32_Release|Win32
		{A1E808A0-FE36-47FE-9E3B-CF195EA31F0A}.win32_Release|Win32.Build.0 = win32_Release|Win32
		{E4D373BF-E227-48B9-99E6-84987E8674EC}.win32_Debug|Win32.ActiveCfg = win32_Debug|Win32
		{E4D373BF-E227-48B9-99E6-84987E8674EC}.win32_Debug|Win32.Build.0 = win32_Debug|Win32
		{E4D373BF-E227-48B9-99E6-84987E8674EC}.win32_Release|Win32.ActiveCfg = win32_Release|Win32
		{E4D373BF-E227-48B9-99E6-84987E8674EC}.win32_Release|Win32.Build.0 = win32_Release|Win32
		{8ED4EDB5-7C0E-411F-BCC6-E96882CC73F3}.win32_Debug|Win32.ActiveCfg = win32_Debug|Win32
		{8ED4EDB5-7C0E-411F-BCC6-E96882CC73F3}.win32_Debug|Win32.Build.0 = win32_Debug|Win32
		{8ED4EDB5-7C0E-411F-BCC6-E96882CC73F3}.win32_Release|Win32.ActiveCfg = win32_Release|Win32
		{8ED4EDB5-7C0E-411F-BCC6-E96882CC73F3}.win32_Release|Win32.Build.0 = win32_Release|Win32
		{56FF74D1-34D0-4DDB-8B89-F6F9200842B8}.win32_Debug|Win32.ActiveCfg = win32_Debug|Win32
		{56FF74D1-34D0-4DDB-8B89-F6F9200842B8}.win32_Debug|Win32.Build.0 = win32_Debug|Win32
		{56FF74D1-34D0-4DDB-8B89-F6F9200842B8}.win32_Release|Win32.ActiveCfg = win32_Release|Win32
		{56FF74D1-34D0-4DDB-8B89-F6F9200842B8}.win32_Release|Win32.Build.0 = win32_Release|Win32
		{2D053CDA-686B-4B36-80EB-1DA5F0CEF8F9}.win32_Debug|Win32.ActiveCfg = win32_DirectX9_Debug|Win32
		{2D053CDA-686B-4B36-80EB-1DA5F0CEF8F9}.win32_Debug|Win32.Build.0 = win32_DirectX9_Debug|Win32
		{2D053CDA-686B-4B36-80EB-1DA5F0CEF8F9}.win32_Release|Win32.ActiveCfg = win32_DirectX9_Release|Win32
		{2D053CDA-686B-4B36-80EB-1DA5F0CEF8F9}.win32_Release|Win32.Build.0 = win32_DirectX9_Release|Win32
		{9C043B29-DB40-48D5-97D8-1BC44128E3BA}.win32_Debug|Win32.ActiveCfg = win32_Debug|Win32
		{9C043B29-DB40-48D5-97D8-1BC44128E3BA}.win32_Debug|Win32.Build.0 = win32_Debug|Win32
		{9C043B29-DB40-48D5-97D8-1BC44128E3BA}.win32_Release|Win32.ActiveCfg = win32_Release|Win32
		{9C043B29-DB40-48D5-97D8-1BC44128E3BA}.win32_Release|Win32.Build.0 = win32_Release|Win32
		{0FC9EEDA-7001-476C-846A-06AC6330B3B1}.win32_Debug|Win32.ActiveCfg = Debug|Win32
		{0FC9EEDA-7001-476C-846A-06AC6330B3B1}.win32_Debug|Win32.Build.0 = Debug|Win32
		{0FC9EEDA-7001-476C-846A-06AC6330B3B1}.win32_Release|Win32.ActiveCfg = Release|Win32
		{0FC9EEDA-7001-476C-846A-06AC6330B3B1}.win32_Release|Win32.Build.0 = Release|Win32
		{4A055F1C-7F19-4CE2-8374-583AC6C7875E}.win32_Debug|Win32.ActiveCfg = win32_Debug|Win32
		{4A055F1C-7F19-4CE2-8374-583AC6C7875E}.win32_Debug|Win32.Build.0 = win32_Debug|Win32
		{4A055F1C-7F19-4CE2-8374-583AC6C7875E}.win32_Release|Win32.ActiveCfg = win32_Release|Win32
		{4A055F1C-7F19-4CE2-8374-583AC6C7875E}.win32_Release|Win32.Build.0 = win32_Release|Win32
		{877B2D1A-DE16-457B-9146-423FE0026E07}.win32_Debug|Win32.ActiveCfg = win32_LibXml2_Debug|Win32
		{877B2D1A-DE16-457B-9146-423FE0026E07}.win32_Debug|Win32.Build.0 = win32_LibXml2_Debug|Win32
		{877B2D1A-DE16-457B-9146-423FE0026E07}.win32_Release|Win32.ActiveCfg = win32_LibXml2_Release|Win32
		{877B2D1A-DE16-457B-9146-423FE0026E07}.win32_Release|Win32.Build.0 = win32_LibXml2_Release|Win32
	EndGlobalSection
	GlobalSection(SolutionProperties) = preSolution
		HideSolutionNode = FALSE
	EndGlobalSection
EndGlobal
