<?xml version="1.0" encoding="utf-8"?>
<Project ToolsVersion="4.0" xmlns="http://schemas.microsoft.com/developer/msbuild/2003">
  <ItemGroup>
    <Filter Include="Source Files">
      <UniqueIdentifier>{4FC737F1-C7A5-4376-A066-2A32D752A2FF}</UniqueIdentifier>
      <Extensions>cpp;c;cc;cxx;def;odl;idl;hpj;bat;asm;asmx</Extensions>
    </Filter>
    <Filter Include="Source Files\Animators">
      <UniqueIdentifier>{00486a9e-caf8-4537-a9a6-743a3bcf696e}</UniqueIdentifier>
    </Filter>
    <Filter Include="Source Files\Objects">
      <UniqueIdentifier>{997a16ac-b336-4dc1-880c-713e4ef12377}</UniqueIdentifier>
    </Filter>
    <Filter Include="Source Files\Images">
      <UniqueIdentifier>{2ef159c4-71a3-4ee5-a1dc-f2f099884a22}</UniqueIdentifier>
    </Filter>
    <Filter Include="Header Files">
      <UniqueIdentifier>{93995380-89BD-4b04-88EB-625FBE52EBFB}</UniqueIdentifier>
      <Extensions>h;hpp;hxx;hm;inl;inc;xsd</Extensions>
    </Filter>
    <Filter Include="Header Files\Animators">
      <UniqueIdentifier>{ac4351be-93a3-4ff0-945a-c9b67fdc6db6}</UniqueIdentifier>
    </Filter>
    <Filter Include="Header Files\Objects">
      <UniqueIdentifier>{48b28b17-4d5f-4881-8c3e-98d60893fd16}</UniqueIdentifier>
    </Filter>
    <Filter Include="Header Files\Images">
      <UniqueIdentifier>{00fea7cb-787c-4712-a9dc-0a77fe75f205}</UniqueIdentifier>
    </Filter>
    <Filter Include="Resource Files">
      <UniqueIdentifier>{10814b74-79f6-4983-8a54-8430ee96ee15}</UniqueIdentifier>
    </Filter>
  </ItemGroup>
  <ItemGroup>
    <ClCompile Include="src\aprilui.cpp">
      <Filter>Source Files</Filter>
    </ClCompile>
    <ClCompile Include="src\CallbackEvent.cpp">
      <Filter>Source Files</Filter>
    </ClCompile>
    <ClCompile Include="src\Dataset.cpp">
      <Filter>Source Files</Filter>
    </ClCompile>
    <ClCompile Include="src\EventArgs.cpp">
      <Filter>Source Files</Filter>
    </ClCompile>
    <ClCompile Include="src\Exception.cpp">
      <Filter>Source Files</Filter>
    </ClCompile>
    <ClCompile Include="src\animators\Animator.cpp">
      <Filter>Source Files\Animators</Filter>
    </ClCompile>
    <ClCompile Include="src\animators\AnimatorAlphaChanger.cpp">
      <Filter>Source Files\Animators</Filter>
    </ClCompile>
    <ClCompile Include="src\animators\AnimatorBlueChanger.cpp">
      <Filter>Source Files\Animators</Filter>
    </ClCompile>
    <ClCompile Include="src\animators\AnimatorFrameAnimation.cpp">
      <Filter>Source Files\Animators</Filter>
    </ClCompile>
    <ClCompile Include="src\animators\AnimatorGreenChanger.cpp">
      <Filter>Source Files\Animators</Filter>
    </ClCompile>
    <ClCompile Include="src\animators\AnimatorMoverX.cpp">
      <Filter>Source Files\Animators</Filter>
    </ClCompile>
    <ClCompile Include="src\animators\AnimatorMoverY.cpp">
      <Filter>Source Files\Animators</Filter>
    </ClCompile>
    <ClCompile Include="src\animators\AnimatorRedChanger.cpp">
      <Filter>Source Files\Animators</Filter>
    </ClCompile>
    <ClCompile Include="src\animators\AnimatorRotator.cpp">
      <Filter>Source Files\Animators</Filter>
    </ClCompile>
    <ClCompile Include="src\objects\Object.cpp">
      <Filter>Source Files\Objects</Filter>
    </ClCompile>
    <ClCompile Include="src\objects\ObjectButtonBase.cpp">
      <Filter>Source Files\Objects</Filter>
    </ClCompile>
    <ClCompile Include="src\objects\ObjectCallbackObject.cpp">
      <Filter>Source Files\Objects</Filter>
    </ClCompile>
    <ClCompile Include="src\objects\ObjectColoredQuad.cpp">
      <Filter>Source Files\Objects</Filter>
    </ClCompile>
    <ClCompile Include="src\objects\ObjectContainer.cpp">
      <Filter>Source Files\Objects</Filter>
    </ClCompile>
    <ClCompile Include="src\objects\ObjectEditBox.cpp">
      <Filter>Source Files\Objects</Filter>
    </ClCompile>
    <ClCompile Include="src\objects\ObjectImageBox.cpp">
      <Filter>Source Files\Objects</Filter>
    </ClCompile>
    <ClCompile Include="src\objects\ObjectImageButton.cpp">
      <Filter>Source Files\Objects</Filter>
    </ClCompile>
    <ClCompile Include="src\objects\ObjectLabel.cpp">
      <Filter>Source Files\Objects</Filter>
    </ClCompile>
    <ClCompile Include="src\objects\ObjectLabelBase.cpp">
      <Filter>Source Files\Objects</Filter>
    </ClCompile>
    <ClCompile Include="src\objects\ObjectSlider.cpp">
      <Filter>Source Files\Objects</Filter>
    </ClCompile>
    <ClCompile Include="src\objects\ObjectTextButton.cpp">
      <Filter>Source Files\Objects</Filter>
    </ClCompile>
    <ClCompile Include="src\objects\ObjectTextImageButton.cpp">
      <Filter>Source Files\Objects</Filter>
    </ClCompile>
    <ClCompile Include="src\objects\ObjectToggleButton.cpp">
      <Filter>Source Files\Objects</Filter>
    </ClCompile>
    <ClCompile Include="src\images\ColoredImage.cpp">
      <Filter>Source Files\Images</Filter>
    </ClCompile>
    <ClCompile Include="src\images\ColorImage.cpp">
      <Filter>Source Files\Images</Filter>
    </ClCompile>
    <ClCompile Include="src\images\CompositeImage.cpp">
      <Filter>Source Files\Images</Filter>
    </ClCompile>
    <ClCompile Include="src\images\Image.cpp">
      <Filter>Source Files\Images</Filter>
    </ClCompile>
    <ClCompile Include="src\images\NullImage.cpp">
      <Filter>Source Files\Images</Filter>
    </ClCompile>
    <ClCompile Include="src\images\TiledImage.cpp">
      <Filter>Source Files\Images</Filter>
    </ClCompile>
    <ClCompile Include="src\MemberCallbackEvent.cpp">
      <Filter>Source Files</Filter>
    </ClCompile>
    <ClCompile Include="src\animators\AnimatorResizerX.cpp">
      <Filter>Source Files\Animators</Filter>
    </ClCompile>
    <ClCompile Include="src\animators\AnimatorResizerY.cpp">
      <Filter>Source Files\Animators</Filter>
    </ClCompile>
    <ClCompile Include="src\animators\AnimatorScalerX.cpp">
      <Filter>Source Files\Animators</Filter>
    </ClCompile>
    <ClCompile Include="src\animators\AnimatorScalerY.cpp">
      <Filter>Source Files\Animators</Filter>
    </ClCompile>
    <ClCompile Include="src\animators\AnimatorTiledScrollerX.cpp">
      <Filter>Source Files\Animators</Filter>
    </ClCompile>
    <ClCompile Include="src\animators\AnimatorTiledScrollerY.cpp">
      <Filter>Source Files\Animators</Filter>
    </ClCompile>
    <ClCompile Include="src\objects\ObjectScrollArea.cpp">
      <Filter>Source Files\Objects</Filter>
    </ClCompile>
    <ClCompile Include="src\objects\ObjectScrollBar.cpp">
      <Filter>Source Files\Objects</Filter>
    </ClCompile>
    <ClCompile Include="src\objects\ObjectScrollBarH.cpp">
      <Filter>Source Files\Objects</Filter>
    </ClCompile>
    <ClCompile Include="src\objects\ObjectScrollBarV.cpp">
      <Filter>Source Files\Objects</Filter>
    </ClCompile>
    <ClCompile Include="src\apriluiUtil.cpp">
      <Filter>Source Files</Filter>
    </ClCompile>
    <ClCompile Include="src\EventReceiver.cpp">
      <Filter>Source Files</Filter>
    </ClCompile>
    <ClCompile Include="src\Texture.cpp">
      <Filter>Source Files</Filter>
    </ClCompile>
    <ClCompile Include="src\animators\AnimatorCenterMoverX.cpp">
      <Filter>Source Files\Animators</Filter>
    </ClCompile>
    <ClCompile Include="src\animators\AnimatorCenterMoverY.cpp">
      <Filter>Source Files\Animators</Filter>
    </ClCompile>
  </ItemGroup>
  <ItemGroup>
    <ClInclude Include="include\aprilui\Animators.h">
      <Filter>Header Files</Filter>
    </ClInclude>
    <ClInclude Include="include\aprilui\aprilui.h">
      <Filter>Header Files</Filter>
    </ClInclude>
    <ClInclude Include="include\aprilui\apriluiExport.h">
      <Filter>Header Files</Filter>
    </ClInclude>
    <ClInclude Include="include\aprilui\CallbackEvent.h">
      <Filter>Header Files</Filter>
    </ClInclude>
    <ClInclude Include="include\aprilui\Dataset.h">
      <Filter>Header Files</Filter>
    </ClInclude>
    <ClInclude Include="include\aprilui\Event.h">
      <Filter>Header Files</Filter>
    </ClInclude>
    <ClInclude Include="include\aprilui\EventArgs.h">
      <Filter>Header Files</Filter>
    </ClInclude>
    <ClInclude Include="include\aprilui\Exception.h">
      <Filter>Header Files</Filter>
    </ClInclude>
    <ClInclude Include="include\aprilui\Images.h">
      <Filter>Header Files</Filter>
    </ClInclude>
    <ClInclude Include="include\aprilui\Objects.h">
      <Filter>Header Files</Filter>
    </ClInclude>
    <ClInclude Include="include\aprilui\Animator.h">
      <Filter>Header Files\Animators</Filter>
    </ClInclude>
    <ClInclude Include="include\aprilui\AnimatorAlphaChanger.h">
      <Filter>Header Files\Animators</Filter>
    </ClInclude>
    <ClInclude Include="include\aprilui\AnimatorBlueChanger.h">
      <Filter>Header Files\Animators</Filter>
    </ClInclude>
    <ClInclude Include="include\aprilui\AnimatorFrameAnimation.h">
      <Filter>Header Files\Animators</Filter>
    </ClInclude>
    <ClInclude Include="include\aprilui\AnimatorGreenChanger.h">
      <Filter>Header Files\Animators</Filter>
    </ClInclude>
    <ClInclude Include="include\aprilui\AnimatorMoverX.h">
      <Filter>Header Files\Animators</Filter>
    </ClInclude>
    <ClInclude Include="include\aprilui\AnimatorMoverY.h">
      <Filter>Header Files\Animators</Filter>
    </ClInclude>
    <ClInclude Include="include\aprilui\AnimatorRedChanger.h">
      <Filter>Header Files\Animators</Filter>
    </ClInclude>
    <ClInclude Include="include\aprilui\AnimatorRotator.h">
      <Filter>Header Files\Animators</Filter>
    </ClInclude>
    <ClInclude Include="include\aprilui\Object.h">
      <Filter>Header Files\Objects</Filter>
    </ClInclude>
    <ClInclude Include="include\aprilui\ObjectButtonBase.h">
      <Filter>Header Files\Objects</Filter>
    </ClInclude>
    <ClInclude Include="include\aprilui\ObjectCallbackObject.h">
      <Filter>Header Files\Objects</Filter>
    </ClInclude>
    <ClInclude Include="include\aprilui\ObjectColoredQuad.h">
      <Filter>Header Files\Objects</Filter>
    </ClInclude>
    <ClInclude Include="include\aprilui\ObjectContainer.h">
      <Filter>Header Files\Objects</Filter>
    </ClInclude>
    <ClInclude Include="include\aprilui\ObjectEditBox.h">
      <Filter>Header Files\Objects</Filter>
    </ClInclude>
    <ClInclude Include="include\aprilui\ObjectImageBox.h">
      <Filter>Header Files\Objects</Filter>
    </ClInclude>
    <ClInclude Include="include\aprilui\ObjectImageButton.h">
      <Filter>Header Files\Objects</Filter>
    </ClInclude>
    <ClInclude Include="include\aprilui\ObjectLabel.h">
      <Filter>Header Files\Objects</Filter>
    </ClInclude>
    <ClInclude Include="include\aprilui\ObjectLabelBase.h">
      <Filter>Header Files\Objects</Filter>
    </ClInclude>
    <ClInclude Include="include\aprilui\ObjectSlider.h">
      <Filter>Header Files\Objects</Filter>
    </ClInclude>
    <ClInclude Include="include\aprilui\ObjectTextButton.h">
      <Filter>Header Files\Objects</Filter>
    </ClInclude>
    <ClInclude Include="include\aprilui\ObjectTextImageButton.h">
      <Filter>Header Files\Objects</Filter>
    </ClInclude>
    <ClInclude Include="include\aprilui\ObjectToggleButton.h">
      <Filter>Header Files\Objects</Filter>
    </ClInclude>
    <ClInclude Include="include\aprilui\ColoredImage.h">
      <Filter>Header Files\Images</Filter>
    </ClInclude>
    <ClInclude Include="include\aprilui\ColorImage.h">
      <Filter>Header Files\Images</Filter>
    </ClInclude>
    <ClInclude Include="include\aprilui\CompositeImage.h">
      <Filter>Header Files\Images</Filter>
    </ClInclude>
    <ClInclude Include="include\aprilui\Image.h">
      <Filter>Header Files\Images</Filter>
    </ClInclude>
    <ClInclude Include="include\aprilui\NullImage.h">
      <Filter>Header Files\Images</Filter>
    </ClInclude>
    <ClInclude Include="include\aprilui\TiledImage.h">
      <Filter>Header Files\Images</Filter>
    </ClInclude>
    <ClInclude Include="include\aprilui\EventUtils.h">
      <Filter>Header Files</Filter>
    </ClInclude>
    <ClInclude Include="include\aprilui\MemberCallbackEvent.h">
      <Filter>Header Files</Filter>
    </ClInclude>
    <ClInclude Include="include\aprilui\AnimatorResizerX.h">
      <Filter>Header Files\Animators</Filter>
    </ClInclude>
    <ClInclude Include="include\aprilui\AnimatorResizerY.h">
      <Filter>Header Files\Animators</Filter>
    </ClInclude>
    <ClInclude Include="include\aprilui\AnimatorScalerX.h">
      <Filter>Header Files\Animators</Filter>
    </ClInclude>
    <ClInclude Include="include\aprilui\AnimatorScalerY.h">
      <Filter>Header Files\Animators</Filter>
    </ClInclude>
    <ClInclude Include="include\aprilui\AnimatorTiledScrollerX.h">
      <Filter>Header Files\Animators</Filter>
    </ClInclude>
    <ClInclude Include="include\aprilui\AnimatorTiledScrollerY.h">
      <Filter>Header Files\Animators</Filter>
    </ClInclude>
    <ClInclude Include="include\aprilui\ObjectScrollArea.h">
      <Filter>Header Files\Objects</Filter>
    </ClInclude>
    <ClInclude Include="include\aprilui\ObjectScrollBar.h">
      <Filter>Header Files\Objects</Filter>
    </ClInclude>
    <ClInclude Include="include\aprilui\ObjectScrollBarH.h">
      <Filter>Header Files\Objects</Filter>
    </ClInclude>
    <ClInclude Include="include\aprilui\ObjectScrollBarV.h">
      <Filter>Header Files\Objects</Filter>
    </ClInclude>
    <ClInclude Include="src\apriluiUtil.h">
      <Filter>Header Files</Filter>
    </ClInclude>
    <ClInclude Include="include\aprilui\EventReceiver.h">
      <Filter>Header Files</Filter>
    </ClInclude>
    <ClInclude Include="include\aprilui\Texture.h">
      <Filter>Header Files</Filter>
    </ClInclude>
    <ClInclude Include="include\aprilui\AnimatorCenterMoverX.h">
      <Filter>Header Files\Animators</Filter>
    </ClInclude>
    <ClInclude Include="include\aprilui\AnimatorCenterMoverY.h">
      <Filter>Header Files\Animators</Filter>
    </ClInclude>
  </ItemGroup>
  <ItemGroup>
    <ResourceCompile Include="fileproperties.rc">
      <Filter>Resource Files</Filter>
    </ResourceCompile>
  </ItemGroup>
</Project>