// !$*UTF8*$!
{
	archiveVersion = 1;
	classes = {
	};
	objectVersion = 46;
	objects = {

/* Begin PBXBuildFile section */
		7F3518981251E67B0005B659 /* gtypes.framework in Frameworks */ = {isa = PBXBuildFile; fileRef = 7F3518971251E67B0005B659 /* gtypes.framework */; };
		7F35189A1251E6810005B659 /* april.framework in Frameworks */ = {isa = PBXBuildFile; fileRef = 7F3518991251E6810005B659 /* april.framework */; };
		7F46F93613CD9F8A002A143C /* FontResource.h in Headers */ = {isa = PBXBuildFile; fileRef = 7F46F93313CD9F8A002A143C /* FontResource.h */; settings = {ATTRIBUTES = (Public, ); }; };
		7F46F93713CD9F8A002A143C /* FontResourceBitmap.h in Headers */ = {isa = PBXBuildFile; fileRef = 7F46F93413CD9F8A002A143C /* FontResourceBitmap.h */; settings = {ATTRIBUTES = (Public, ); }; };
		7F46F93813CD9F8A002A143C /* Renderer.h in Headers */ = {isa = PBXBuildFile; fileRef = 7F46F93513CD9F8A002A143C /* Renderer.h */; settings = {ATTRIBUTES = (Public, ); }; };
		7F46F93C13CD9F94002A143C /* FontResource.cpp in Sources */ = {isa = PBXBuildFile; fileRef = 7F46F93913CD9F94002A143C /* FontResource.cpp */; };
		7F46F93D13CD9F94002A143C /* FontResourceBitmap.cpp in Sources */ = {isa = PBXBuildFile; fileRef = 7F46F93A13CD9F94002A143C /* FontResourceBitmap.cpp */; };
		7F46F93E13CD9F94002A143C /* Renderer.cpp in Sources */ = {isa = PBXBuildFile; fileRef = 7F46F93B13CD9F94002A143C /* Renderer.cpp */; };
		7FC8039911EC6C0400851062 /* hltypes.framework in Frameworks */ = {isa = PBXBuildFile; fileRef = 7FC8039811EC6C0400851062 /* hltypes.framework */; };
		C9AE31E9135D6FD4006B491A /* atres.cpp in Sources */ = {isa = PBXBuildFile; fileRef = C9AE31E4135D6FD4006B491A /* atres.cpp */; };
		C9AE31F2135D7014006B491A /* atres.h in Headers */ = {isa = PBXBuildFile; fileRef = C9AE31EE135D7014006B491A /* atres.h */; settings = {ATTRIBUTES = (Public, ); }; };
		C9AE31F3135D7014006B491A /* atresExport.h in Headers */ = {isa = PBXBuildFile; fileRef = C9AE31EF135D7014006B491A /* atresExport.h */; settings = {ATTRIBUTES = (Public, ); }; };
		C9FBF4D114E15B27008359C3 /* Cache.h in Headers */ = {isa = PBXBuildFile; fileRef = C9FBF4CF14E15B27008359C3 /* Cache.h */; };
		C9FBF4D314E15B27008359C3 /* Utility.cpp in Sources */ = {isa = PBXBuildFile; fileRef = C9FBF4D014E15B27008359C3 /* Utility.cpp */; };
		C9FBF4D414E15B27008359C3 /* Utility.cpp in Sources */ = {isa = PBXBuildFile; fileRef = C9FBF4D014E15B27008359C3 /* Utility.cpp */; };
		D10753991486EF0A00980E43 /* Utility.h in Headers */ = {isa = PBXBuildFile; fileRef = D10753981486EF0A00980E43 /* Utility.h */; settings = {ATTRIBUTES = (Public, ); }; };
		D1981D2F140F90BC0057C3AF /* FontResource.cpp in Sources */ = {isa = PBXBuildFile; fileRef = 7F46F93913CD9F94002A143C /* FontResource.cpp */; };
		D1981D30140F90BC0057C3AF /* FontResourceBitmap.cpp in Sources */ = {isa = PBXBuildFile; fileRef = 7F46F93A13CD9F94002A143C /* FontResourceBitmap.cpp */; };
		D1981D31140F90BC0057C3AF /* Renderer.cpp in Sources */ = {isa = PBXBuildFile; fileRef = 7F46F93B13CD9F94002A143C /* Renderer.cpp */; };
		D1981D32140F90BC0057C3AF /* atres.cpp in Sources */ = {isa = PBXBuildFile; fileRef = C9AE31E4135D6FD4006B491A /* atres.cpp */; };
		D1F27B09177A2F1A00E5C131 /* FontResource.cpp in Sources */ = {isa = PBXBuildFile; fileRef = 7F46F93913CD9F94002A143C /* FontResource.cpp */; };
		D1F27B0A177A2F1A00E5C131 /* FontResourceBitmap.cpp in Sources */ = {isa = PBXBuildFile; fileRef = 7F46F93A13CD9F94002A143C /* FontResourceBitmap.cpp */; };
		D1F27B0B177A2F1A00E5C131 /* Renderer.cpp in Sources */ = {isa = PBXBuildFile; fileRef = 7F46F93B13CD9F94002A143C /* Renderer.cpp */; };
		D1F27B0C177A2F1A00E5C131 /* atres.cpp in Sources */ = {isa = PBXBuildFile; fileRef = C9AE31E4135D6FD4006B491A /* atres.cpp */; };
		D1F27B0D177A2F1A00E5C131 /* Utility.cpp in Sources */ = {isa = PBXBuildFile; fileRef = C9FBF4D014E15B27008359C3 /* Utility.cpp */; };
/* End PBXBuildFile section */

/* Begin PBXFileReference section */
		7F3518971251E67B0005B659 /* gtypes.framework */ = {isa = PBXFileReference; lastKnownFileType = wrapper.framework; name = gtypes.framework; path = Library/Frameworks/gtypes.framework; sourceTree = SDKROOT; };
		7F3518991251E6810005B659 /* april.framework */ = {isa = PBXFileReference; lastKnownFileType = wrapper.framework; name = april.framework; path = Library/Frameworks/april.framework; sourceTree = SDKROOT; };
		7F46F93313CD9F8A002A143C /* FontResource.h */ = {isa = PBXFileReference; fileEncoding = 4; lastKnownFileType = sourcecode.c.h; name = FontResource.h; path = include/atres/FontResource.h; sourceTree = "<group>"; };
		7F46F93413CD9F8A002A143C /* FontResourceBitmap.h */ = {isa = PBXFileReference; fileEncoding = 4; lastKnownFileType = sourcecode.c.h; name = FontResourceBitmap.h; path = include/atres/FontResourceBitmap.h; sourceTree = "<group>"; };
		7F46F93513CD9F8A002A143C /* Renderer.h */ = {isa = PBXFileReference; fileEncoding = 4; lastKnownFileType = sourcecode.c.h; name = Renderer.h; path = include/atres/Renderer.h; sourceTree = "<group>"; };
		7F46F93913CD9F94002A143C /* FontResource.cpp */ = {isa = PBXFileReference; fileEncoding = 4; lastKnownFileType = sourcecode.cpp.cpp; name = FontResource.cpp; path = src/FontResource.cpp; sourceTree = "<group>"; };
		7F46F93A13CD9F94002A143C /* FontResourceBitmap.cpp */ = {isa = PBXFileReference; fileEncoding = 4; lastKnownFileType = sourcecode.cpp.cpp; name = FontResourceBitmap.cpp; path = src/FontResourceBitmap.cpp; sourceTree = "<group>"; };
		7F46F93B13CD9F94002A143C /* Renderer.cpp */ = {isa = PBXFileReference; fileEncoding = 4; lastKnownFileType = sourcecode.cpp.cpp; name = Renderer.cpp; path = src/Renderer.cpp; sourceTree = "<group>"; };
		7FC8039811EC6C0400851062 /* hltypes.framework */ = {isa = PBXFileReference; lastKnownFileType = wrapper.framework; name = hltypes.framework; path = Library/Frameworks/hltypes.framework; sourceTree = SDKROOT; };
		8DC2EF5A0486A6940098B216 /* Info.plist */ = {isa = PBXFileReference; fileEncoding = 4; lastKnownFileType = text.plist.xml; path = Info.plist; sourceTree = "<group>"; };
		8DC2EF5B0486A6940098B216 /* atres.framework */ = {isa = PBXFileReference; explicitFileType = wrapper.framework; includeInIndex = 0; path = atres.framework; sourceTree = BUILT_PRODUCTS_DIR; };
		C9AE31E4135D6FD4006B491A /* atres.cpp */ = {isa = PBXFileReference; fileEncoding = 4; lastKnownFileType = sourcecode.cpp.cpp; name = atres.cpp; path = src/atres.cpp; sourceTree = "<group>"; };
		C9AE31EE135D7014006B491A /* atres.h */ = {isa = PBXFileReference; fileEncoding = 4; lastKnownFileType = sourcecode.c.h; name = atres.h; path = include/atres/atres.h; sourceTree = "<group>"; };
		C9AE31EF135D7014006B491A /* atresExport.h */ = {isa = PBXFileReference; fileEncoding = 4; lastKnownFileType = sourcecode.c.h; name = atresExport.h; path = include/atres/atresExport.h; sourceTree = "<group>"; };
		C9FBF4CF14E15B27008359C3 /* Cache.h */ = {isa = PBXFileReference; fileEncoding = 4; lastKnownFileType = sourcecode.c.h; name = Cache.h; path = src/Cache.h; sourceTree = "<group>"; };
		C9FBF4D014E15B27008359C3 /* Utility.cpp */ = {isa = PBXFileReference; fileEncoding = 4; lastKnownFileType = sourcecode.cpp.cpp; name = Utility.cpp; path = src/Utility.cpp; sourceTree = "<group>"; };
		D10753981486EF0A00980E43 /* Utility.h */ = {isa = PBXFileReference; fileEncoding = 4; lastKnownFileType = sourcecode.c.h; name = Utility.h; path = include/atres/Utility.h; sourceTree = "<group>"; };
		D1681BA818D7684A0088FC68 /* iOS.xcconfig */ = {isa = PBXFileReference; lastKnownFileType = text.xcconfig; name = iOS.xcconfig; path = xcconfig/iOS.xcconfig; sourceTree = "<group>"; };
		D1681BA918D7684A0088FC68 /* Mac.xcconfig */ = {isa = PBXFileReference; lastKnownFileType = text.xcconfig; name = Mac.xcconfig; path = xcconfig/Mac.xcconfig; sourceTree = "<group>"; };
		D1981D20140F90670057C3AF /* libatres.a */ = {isa = PBXFileReference; explicitFileType = archive.ar; includeInIndex = 0; path = libatres.a; sourceTree = BUILT_PRODUCTS_DIR; };
		D1981D21140F90670057C3AF /* Foundation.framework */ = {isa = PBXFileReference; lastKnownFileType = wrapper.framework; name = Foundation.framework; path = System/Library/Frameworks/Foundation.framework; sourceTree = SDKROOT; };
		D1F27B15177A2F1A00E5C131 /* libatres.a */ = {isa = PBXFileReference; explicitFileType = archive.ar; includeInIndex = 0; path = libatres.a; sourceTree = BUILT_PRODUCTS_DIR; };
/* End PBXFileReference section */

/* Begin PBXFrameworksBuildPhase section */
		8DC2EF560486A6940098B216 /* Frameworks */ = {
			isa = PBXFrameworksBuildPhase;
			buildActionMask = 2147483647;
			files = (
				7FC8039911EC6C0400851062 /* hltypes.framework in Frameworks */,
				7F3518981251E67B0005B659 /* gtypes.framework in Frameworks */,
				7F35189A1251E6810005B659 /* april.framework in Frameworks */,
			);
			runOnlyForDeploymentPostprocessing = 0;
		};
		D1981D1D140F90670057C3AF /* Frameworks */ = {
			isa = PBXFrameworksBuildPhase;
			buildActionMask = 2147483647;
			files = (
			);
			runOnlyForDeploymentPostprocessing = 0;
		};
		D1F27B0E177A2F1A00E5C131 /* Frameworks */ = {
			isa = PBXFrameworksBuildPhase;
			buildActionMask = 2147483647;
			files = (
			);
			runOnlyForDeploymentPostprocessing = 0;
		};
/* End PBXFrameworksBuildPhase section */

/* Begin PBXGroup section */
		034768DFFF38A50411DB9C8B /* Products */ = {
			isa = PBXGroup;
			children = (
				8DC2EF5B0486A6940098B216 /* atres.framework */,
				D1981D20140F90670057C3AF /* libatres.a */,
				D1F27B15177A2F1A00E5C131 /* libatres.a */,
			);
			name = Products;
			sourceTree = "<group>";
		};
		0867D691FE84028FC02AAC07 /* libatres */ = {
			isa = PBXGroup;
			children = (
				D1681B9618D767440088FC68 /* config */,
				7FC8037C11EC6AD400851062 /* include */,
				7FC8037D11EC6AD900851062 /* src */,
				0867D69AFE84028FC02AAC07 /* Frameworks */,
				034768DFFF38A50411DB9C8B /* Products */,
			);
			name = libatres;
			sourceTree = "<group>";
		};
		0867D69AFE84028FC02AAC07 /* Frameworks */ = {
			isa = PBXGroup;
			children = (
				1058C7B0FEA5585E11CA2CBB /* mac */,
				D1981D21140F90670057C3AF /* Foundation.framework */,
			);
			name = Frameworks;
			sourceTree = "<group>";
		};
		1058C7B0FEA5585E11CA2CBB /* mac */ = {
			isa = PBXGroup;
			children = (
				7F3518971251E67B0005B659 /* gtypes.framework */,
				7F3518991251E6810005B659 /* april.framework */,
				7FC8039811EC6C0400851062 /* hltypes.framework */,
			);
			name = mac;
			sourceTree = "<group>";
		};
		7FC8037C11EC6AD400851062 /* include */ = {
			isa = PBXGroup;
			children = (
				D10753981486EF0A00980E43 /* Utility.h */,
				7F46F93313CD9F8A002A143C /* FontResource.h */,
				7F46F93413CD9F8A002A143C /* FontResourceBitmap.h */,
				7F46F93513CD9F8A002A143C /* Renderer.h */,
				C9AE31EE135D7014006B491A /* atres.h */,
				C9AE31EF135D7014006B491A /* atresExport.h */,
			);
			name = include;
			sourceTree = "<group>";
		};
		7FC8037D11EC6AD900851062 /* src */ = {
			isa = PBXGroup;
			children = (
				C9FBF4CF14E15B27008359C3 /* Cache.h */,
				C9FBF4D014E15B27008359C3 /* Utility.cpp */,
				7F46F93913CD9F94002A143C /* FontResource.cpp */,
				7F46F93A13CD9F94002A143C /* FontResourceBitmap.cpp */,
				7F46F93B13CD9F94002A143C /* Renderer.cpp */,
				C9AE31E4135D6FD4006B491A /* atres.cpp */,
			);
			name = src;
			sourceTree = "<group>";
		};
		D1681B9618D767440088FC68 /* config */ = {
			isa = PBXGroup;
			children = (
				D1681BA818D7684A0088FC68 /* iOS.xcconfig */,
				D1681BA918D7684A0088FC68 /* Mac.xcconfig */,
				8DC2EF5A0486A6940098B216 /* Info.plist */,
			);
			name = config;
			sourceTree = "<group>";
		};
/* End PBXGroup section */

/* Begin PBXHeadersBuildPhase section */
		8DC2EF500486A6940098B216 /* Headers */ = {
			isa = PBXHeadersBuildPhase;
			buildActionMask = 2147483647;
			files = (
				D10753991486EF0A00980E43 /* Utility.h in Headers */,
				C9AE31F2135D7014006B491A /* atres.h in Headers */,
				C9AE31F3135D7014006B491A /* atresExport.h in Headers */,
				7F46F93613CD9F8A002A143C /* FontResource.h in Headers */,
				7F46F93713CD9F8A002A143C /* FontResourceBitmap.h in Headers */,
				7F46F93813CD9F8A002A143C /* Renderer.h in Headers */,
				C9FBF4D114E15B27008359C3 /* Cache.h in Headers */,
			);
			runOnlyForDeploymentPostprocessing = 0;
		};
/* End PBXHeadersBuildPhase section */

/* Begin PBXNativeTarget section */
		8DC2EF4F0486A6940098B216 /* atres */ = {
			isa = PBXNativeTarget;
			buildConfigurationList = 1DEB91AD08733DA50010E9CD /* Build configuration list for PBXNativeTarget "atres" */;
			buildPhases = (
				8DC2EF500486A6940098B216 /* Headers */,
				8DC2EF520486A6940098B216 /* Resources */,
				8DC2EF540486A6940098B216 /* Sources */,
				8DC2EF560486A6940098B216 /* Frameworks */,
			);
			buildRules = (
			);
			dependencies = (
			);
			name = atres;
			productInstallPath = "$(HOME)/Library/Frameworks";
			productName = libatres;
			productReference = 8DC2EF5B0486A6940098B216 /* atres.framework */;
			productType = "com.apple.product-type.framework";
		};
		D1981D1F140F90670057C3AF /* atres (iOS) */ = {
			isa = PBXNativeTarget;
			buildConfigurationList = D1981D29140F90670057C3AF /* Build configuration list for PBXNativeTarget "atres (iOS)" */;
			buildPhases = (
				D1981D1C140F90670057C3AF /* Sources */,
				D1981D1D140F90670057C3AF /* Frameworks */,
			);
			buildRules = (
			);
			dependencies = (
			);
			name = "atres (iOS)";
			productName = "libatres-ios";
			productReference = D1981D20140F90670057C3AF /* libatres.a */;
			productType = "com.apple.product-type.library.static";
		};
		D1F27B07177A2F1A00E5C131 /* atres (Mac) */ = {
			isa = PBXNativeTarget;
			buildConfigurationList = D1F27B0F177A2F1A00E5C131 /* Build configuration list for PBXNativeTarget "atres (Mac)" */;
			buildPhases = (
				D1F27B08177A2F1A00E5C131 /* Sources */,
				D1F27B0E177A2F1A00E5C131 /* Frameworks */,
			);
			buildRules = (
			);
			dependencies = (
			);
			name = "atres (Mac)";
			productName = "libatres-ios";
			productReference = D1F27B15177A2F1A00E5C131 /* libatres.a */;
			productType = "com.apple.product-type.library.static";
		};
/* End PBXNativeTarget section */

/* Begin PBXProject section */
		0867D690FE84028FC02AAC07 /* Project object */ = {
			isa = PBXProject;
			attributes = {
				LastUpgradeCheck = 0510;
			};
			buildConfigurationList = 1DEB91B108733DA50010E9CD /* Build configuration list for PBXProject "atres" */;
			compatibilityVersion = "Xcode 3.2";
			developmentRegion = English;
			hasScannedForEncodings = 1;
			knownRegions = (
				English,
				Japanese,
				French,
				German,
			);
			mainGroup = 0867D691FE84028FC02AAC07 /* libatres */;
			productRefGroup = 034768DFFF38A50411DB9C8B /* Products */;
			projectDirPath = "";
			projectRoot = "";
			targets = (
				8DC2EF4F0486A6940098B216 /* atres */,
				D1F27B07177A2F1A00E5C131 /* atres (Mac) */,
				D1981D1F140F90670057C3AF /* atres (iOS) */,
			);
		};
/* End PBXProject section */

/* Begin PBXResourcesBuildPhase section */
		8DC2EF520486A6940098B216 /* Resources */ = {
			isa = PBXResourcesBuildPhase;
			buildActionMask = 2147483647;
			files = (
			);
			runOnlyForDeploymentPostprocessing = 0;
		};
/* End PBXResourcesBuildPhase section */

/* Begin PBXSourcesBuildPhase section */
		8DC2EF540486A6940098B216 /* Sources */ = {
			isa = PBXSourcesBuildPhase;
			buildActionMask = 2147483647;
			files = (
				C9AE31E9135D6FD4006B491A /* atres.cpp in Sources */,
				7F46F93C13CD9F94002A143C /* FontResource.cpp in Sources */,
				7F46F93D13CD9F94002A143C /* FontResourceBitmap.cpp in Sources */,
				7F46F93E13CD9F94002A143C /* Renderer.cpp in Sources */,
				C9FBF4D314E15B27008359C3 /* Utility.cpp in Sources */,
			);
			runOnlyForDeploymentPostprocessing = 0;
		};
		D1981D1C140F90670057C3AF /* Sources */ = {
			isa = PBXSourcesBuildPhase;
			buildActionMask = 2147483647;
			files = (
				D1981D2F140F90BC0057C3AF /* FontResource.cpp in Sources */,
				D1981D30140F90BC0057C3AF /* FontResourceBitmap.cpp in Sources */,
				D1981D31140F90BC0057C3AF /* Renderer.cpp in Sources */,
				D1981D32140F90BC0057C3AF /* atres.cpp in Sources */,
				C9FBF4D414E15B27008359C3 /* Utility.cpp in Sources */,
			);
			runOnlyForDeploymentPostprocessing = 0;
		};
		D1F27B08177A2F1A00E5C131 /* Sources */ = {
			isa = PBXSourcesBuildPhase;
			buildActionMask = 2147483647;
			files = (
				D1F27B09177A2F1A00E5C131 /* FontResource.cpp in Sources */,
				D1F27B0A177A2F1A00E5C131 /* FontResourceBitmap.cpp in Sources */,
				D1F27B0B177A2F1A00E5C131 /* Renderer.cpp in Sources */,
				D1F27B0C177A2F1A00E5C131 /* atres.cpp in Sources */,
				D1F27B0D177A2F1A00E5C131 /* Utility.cpp in Sources */,
			);
			runOnlyForDeploymentPostprocessing = 0;
		};
/* End PBXSourcesBuildPhase section */

/* Begin XCBuildConfiguration section */
		7FC8A8BA1296C77C003D3931 /* App Store */ = {
			isa = XCBuildConfiguration;
			buildSettings = {
				GCC_GENERATE_DEBUGGING_SYMBOLS = YES;
				GCC_INLINES_ARE_PRIVATE_EXTERN = YES;
				GCC_SYMBOLS_PRIVATE_EXTERN = YES;
				GCC_WARN_ABOUT_RETURN_TYPE = YES;
				GCC_WARN_MISSING_PARENTHESES = NO;
				GCC_WARN_UNUSED_VARIABLE = YES;
				HEADER_SEARCH_PATHS = (
					"${SRCROOT}/../hltypes/include",
					"${SRCROOT}/../gtypes/include",
					"${SRCROOT}/../april/include",
					"${SRCROOT}/include/atres",
				);
				PRODUCT_NAME = atres;
			};
			name = "App Store";
		};
		7FC8A8BB1296C77C003D3931 /* App Store */ = {
			isa = XCBuildConfiguration;
			baseConfigurationReference = D1681BA918D7684A0088FC68 /* Mac.xcconfig */;
			buildSettings = {
				ALWAYS_SEARCH_USER_PATHS = NO;
				GCC_PREPROCESSOR_DEFINITIONS = (
					_MAC,
					"$(inherited)",
				);
				GCC_WARN_CHECK_SWITCH_STATEMENTS = NO;
				INFOPLIST_FILE = Info.plist;
				LD_DYLIB_INSTALL_NAME = "@executable_path/../Frameworks/$(EXECUTABLE_PATH)";
				SKIP_INSTALL = YES;
				WRAPPER_EXTENSION = framework;
			};
			name = "App Store";
		};
		C981CCCD132AEF8C0072B5A9 /* Debug */ = {
			isa = XCBuildConfiguration;
			buildSettings = {
				GCC_GENERATE_DEBUGGING_SYMBOLS = YES;
				GCC_INLINES_ARE_PRIVATE_EXTERN = YES;
				GCC_OPTIMIZATION_LEVEL = 0;
				GCC_PREPROCESSOR_DEFINITIONS = _DEBUG;
				GCC_SYMBOLS_PRIVATE_EXTERN = YES;
				GCC_WARN_ABOUT_RETURN_TYPE = YES;
				GCC_WARN_MISSING_PARENTHESES = NO;
				GCC_WARN_UNUSED_VARIABLE = YES;
				HEADER_SEARCH_PATHS = (
					"${SRCROOT}/../hltypes/include",
					"${SRCROOT}/../gtypes/include",
					"${SRCROOT}/../april/include",
					"${SRCROOT}/include/atres",
				);
				ONLY_ACTIVE_ARCH = YES;
				PRODUCT_NAME = atres;
			};
			name = Debug;
		};
		C981CCCE132AEF8C0072B5A9 /* Debug */ = {
			isa = XCBuildConfiguration;
			baseConfigurationReference = D1681BA918D7684A0088FC68 /* Mac.xcconfig */;
			buildSettings = {
				ALWAYS_SEARCH_USER_PATHS = NO;
				COPY_PHASE_STRIP = NO;
				GCC_DYNAMIC_NO_PIC = NO;
				GCC_OPTIMIZATION_LEVEL = 0;
				GCC_PREPROCESSOR_DEFINITIONS = (
					_MAC,
					"$(inherited)",
				);
				GCC_WARN_CHECK_SWITCH_STATEMENTS = NO;
				INFOPLIST_FILE = Info.plist;
				LD_DYLIB_INSTALL_NAME = "@executable_path/../Frameworks/$(EXECUTABLE_PATH)";
				SKIP_INSTALL = YES;
				WRAPPER_EXTENSION = framework;
			};
			name = Debug;
		};
		C981CCCF132AEF920072B5A9 /* Release */ = {
			isa = XCBuildConfiguration;
			buildSettings = {
				GCC_GENERATE_DEBUGGING_SYMBOLS = YES;
				GCC_INLINES_ARE_PRIVATE_EXTERN = YES;
				GCC_SYMBOLS_PRIVATE_EXTERN = YES;
				GCC_WARN_ABOUT_RETURN_TYPE = YES;
				GCC_WARN_MISSING_PARENTHESES = NO;
				GCC_WARN_UNUSED_VARIABLE = YES;
				HEADER_SEARCH_PATHS = (
					"${SRCROOT}/../hltypes/include",
					"${SRCROOT}/../gtypes/include",
					"${SRCROOT}/../april/include",
					"${SRCROOT}/include/atres",
				);
				PRODUCT_NAME = atres;
			};
			name = Release;
		};
		C981CCD0132AEF920072B5A9 /* Release */ = {
			isa = XCBuildConfiguration;
			baseConfigurationReference = D1681BA918D7684A0088FC68 /* Mac.xcconfig */;
			buildSettings = {
				ALWAYS_SEARCH_USER_PATHS = NO;
				GCC_PREPROCESSOR_DEFINITIONS = (
					_MAC,
					"$(inherited)",
				);
				GCC_WARN_CHECK_SWITCH_STATEMENTS = NO;
				INFOPLIST_FILE = Info.plist;
				LD_DYLIB_INSTALL_NAME = "@executable_path/../Frameworks/$(EXECUTABLE_PATH)";
				SKIP_INSTALL = YES;
				WRAPPER_EXTENSION = framework;
			};
			name = Release;
		};
		D1981D2B140F90670057C3AF /* Debug */ = {
			isa = XCBuildConfiguration;
			baseConfigurationReference = D1681BA818D7684A0088FC68 /* iOS.xcconfig */;
			buildSettings = {
				ALWAYS_SEARCH_USER_PATHS = NO;
				COPY_PHASE_STRIP = NO;
				GCC_DYNAMIC_NO_PIC = NO;
				GCC_PREPROCESSOR_DEFINITIONS = (
					_IOS,
					"$(inherited)",
				);
				GCC_WARN_CHECK_SWITCH_STATEMENTS = NO;
				GCC_WARN_MISSING_PARENTHESES = NO;
				PRODUCT_NAME = atres;
				SKIP_INSTALL = YES;
			};
			name = Debug;
		};
		D1981D2D140F90670057C3AF /* Release */ = {
			isa = XCBuildConfiguration;
			baseConfigurationReference = D1681BA818D7684A0088FC68 /* iOS.xcconfig */;
			buildSettings = {
				ALWAYS_SEARCH_USER_PATHS = NO;
				COPY_PHASE_STRIP = YES;
				GCC_PREPROCESSOR_DEFINITIONS = (
					_IOS,
					"$(inherited)",
				);
				GCC_WARN_CHECK_SWITCH_STATEMENTS = NO;
				GCC_WARN_MISSING_PARENTHESES = NO;
				PRODUCT_NAME = atres;
				SKIP_INSTALL = YES;
			};
			name = Release;
		};
		D1981D2E140F90670057C3AF /* App Store */ = {
			isa = XCBuildConfiguration;
			baseConfigurationReference = D1681BA818D7684A0088FC68 /* iOS.xcconfig */;
			buildSettings = {
				ALWAYS_SEARCH_USER_PATHS = NO;
				COPY_PHASE_STRIP = YES;
				GCC_PREPROCESSOR_DEFINITIONS = (
					_IOS,
					"$(inherited)",
				);
				GCC_WARN_CHECK_SWITCH_STATEMENTS = NO;
				GCC_WARN_MISSING_PARENTHESES = NO;
				PRODUCT_NAME = atres;
				SKIP_INSTALL = YES;
			};
			name = "App Store";
		};
		D1F27B11177A2F1A00E5C131 /* Debug */ = {
			isa = XCBuildConfiguration;
			baseConfigurationReference = D1681BA918D7684A0088FC68 /* Mac.xcconfig */;
			buildSettings = {
				ALWAYS_SEARCH_USER_PATHS = NO;
				COPY_PHASE_STRIP = NO;
				GCC_DYNAMIC_NO_PIC = NO;
				GCC_PREPROCESSOR_DEFINITIONS = (
					_MAC,
					"$(inherited)",
				);
				GCC_WARN_CHECK_SWITCH_STATEMENTS = NO;
				GCC_WARN_MISSING_PARENTHESES = NO;
				PRODUCT_NAME = atres;
				SKIP_INSTALL = YES;
			};
			name = Debug;
		};
		D1F27B13177A2F1A00E5C131 /* Release */ = {
			isa = XCBuildConfiguration;
			baseConfigurationReference = D1681BA918D7684A0088FC68 /* Mac.xcconfig */;
			buildSettings = {
				ALWAYS_SEARCH_USER_PATHS = NO;
				COPY_PHASE_STRIP = YES;
				GCC_PREPROCESSOR_DEFINITIONS = (
					_MAC,
					"$(inherited)",
				);
				GCC_WARN_CHECK_SWITCH_STATEMENTS = NO;
				GCC_WARN_MISSING_PARENTHESES = NO;
				PRODUCT_NAME = atres;
				SKIP_INSTALL = YES;
			};
			name = Release;
		};
		D1F27B14177A2F1A00E5C131 /* App Store */ = {
			isa = XCBuildConfiguration;
			baseConfigurationReference = D1681BA918D7684A0088FC68 /* Mac.xcconfig */;
			buildSettings = {
				ALWAYS_SEARCH_USER_PATHS = NO;
				COPY_PHASE_STRIP = YES;
				GCC_PREPROCESSOR_DEFINITIONS = (
					_MAC,
					"$(inherited)",
				);
				GCC_WARN_CHECK_SWITCH_STATEMENTS = NO;
				GCC_WARN_MISSING_PARENTHESES = NO;
				PRODUCT_NAME = atres;
				SKIP_INSTALL = YES;
			};
			name = "App Store";
		};
/* End XCBuildConfiguration section */

/* Begin XCConfigurationList section */
		1DEB91AD08733DA50010E9CD /* Build configuration list for PBXNativeTarget "atres" */ = {
			isa = XCConfigurationList;
			buildConfigurations = (
				C981CCCE132AEF8C0072B5A9 /* Debug */,
				C981CCD0132AEF920072B5A9 /* Release */,
				7FC8A8BB1296C77C003D3931 /* App Store */,
			);
			defaultConfigurationIsVisible = 0;
			defaultConfigurationName = Debug;
		};
		1DEB91B108733DA50010E9CD /* Build configuration list for PBXProject "atres" */ = {
			isa = XCConfigurationList;
			buildConfigurations = (
				C981CCCD132AEF8C0072B5A9 /* Debug */,
				C981CCCF132AEF920072B5A9 /* Release */,
				7FC8A8BA1296C77C003D3931 /* App Store */,
			);
			defaultConfigurationIsVisible = 0;
			defaultConfigurationName = Debug;
		};
		D1981D29140F90670057C3AF /* Build configuration list for PBXNativeTarget "atres (iOS)" */ = {
			isa = XCConfigurationList;
			buildConfigurations = (
				D1981D2B140F90670057C3AF /* Debug */,
				D1981D2D140F90670057C3AF /* Release */,
				D1981D2E140F90670057C3AF /* App Store */,
			);
			defaultConfigurationIsVisible = 0;
			defaultConfigurationName = Debug;
		};
		D1F27B0F177A2F1A00E5C131 /* Build configuration list for PBXNativeTarget "atres (Mac)" */ = {
			isa = XCConfigurationList;
			buildConfigurations = (
				D1F27B11177A2F1A00E5C131 /* Debug */,
				D1F27B13177A2F1A00E5C131 /* Release */,
				D1F27B14177A2F1A00E5C131 /* App Store */,
			);
			defaultConfigurationIsVisible = 0;
			defaultConfigurationName = Debug;
		};
/* End XCConfigurationList section */
	};
	rootObject = 0867D690FE84028FC02AAC07 /* Project object */;
}
