// !$*UTF8*$!
{
	archiveVersion = 1;
	classes = {
	};
	objectVersion = 45;
	objects = {

/* Begin PBXBuildFile section */
		7F24B9401256107200332426 /* Util.cpp in Sources */ = {isa = PBXBuildFile; fileRef = 7F24B93F1256107200332426 /* Util.cpp */; };
		7F24B9421256107B00332426 /* Util.h in Headers */ = {isa = PBXBuildFile; fileRef = 7F24B9411256107B00332426 /* Util.h */; };
		7F46F95313CD9FD6002A143C /* atres.h in Headers */ = {isa = PBXBuildFile; fileRef = 7F46F94E13CD9FD6002A143C /* atres.h */; settings = {ATTRIBUTES = (Public, ); }; };
		7F46F95413CD9FD6002A143C /* atresExport.h in Headers */ = {isa = PBXBuildFile; fileRef = 7F46F94F13CD9FD6002A143C /* atresExport.h */; settings = {ATTRIBUTES = (Public, ); }; };
		7F46F95513CD9FD6002A143C /* FontResource.h in Headers */ = {isa = PBXBuildFile; fileRef = 7F46F95013CD9FD6002A143C /* FontResource.h */; settings = {ATTRIBUTES = (Public, ); }; };
		7F46F95613CD9FD6002A143C /* FontResourceBitmap.h in Headers */ = {isa = PBXBuildFile; fileRef = 7F46F95113CD9FD6002A143C /* FontResourceBitmap.h */; settings = {ATTRIBUTES = (Public, ); }; };
		7F46F95713CD9FD6002A143C /* Renderer.h in Headers */ = {isa = PBXBuildFile; fileRef = 7F46F95213CD9FD6002A143C /* Renderer.h */; settings = {ATTRIBUTES = (Public, ); }; };
		7F46F95C13CD9FE3002A143C /* atres.cpp in Sources */ = {isa = PBXBuildFile; fileRef = 7F46F95813CD9FE3002A143C /* atres.cpp */; };
		7F46F95D13CD9FE3002A143C /* FontResource.cpp in Sources */ = {isa = PBXBuildFile; fileRef = 7F46F95913CD9FE3002A143C /* FontResource.cpp */; };
		7F46F95E13CD9FE3002A143C /* FontResourceBitmap.cpp in Sources */ = {isa = PBXBuildFile; fileRef = 7F46F95A13CD9FE3002A143C /* FontResourceBitmap.cpp */; };
		7F46F95F13CD9FE3002A143C /* Renderer.cpp in Sources */ = {isa = PBXBuildFile; fileRef = 7F46F95B13CD9FE3002A143C /* Renderer.cpp */; };
		7FF23E1E1255E39E000C729A /* Exception.h in Headers */ = {isa = PBXBuildFile; fileRef = 7FF23E1A1255E39E000C729A /* Exception.h */; settings = {ATTRIBUTES = (Public, ); }; };
		7FF23E241255E3A8000C729A /* Exception.cpp in Sources */ = {isa = PBXBuildFile; fileRef = 7FF23E211255E3A8000C729A /* Exception.cpp */; };
		AACBBE4A0F95108600F1A2B1 /* Foundation.framework in Frameworks */ = {isa = PBXBuildFile; fileRef = AACBBE490F95108600F1A2B1 /* Foundation.framework */; };
/* End PBXBuildFile section */

/* Begin PBXFileReference section */
		7F24B93F1256107200332426 /* Util.cpp */ = {isa = PBXFileReference; fileEncoding = 4; lastKnownFileType = sourcecode.cpp.cpp; name = Util.cpp; path = src/Util.cpp; sourceTree = "<group>"; };
		7F24B9411256107B00332426 /* Util.h */ = {isa = PBXFileReference; fileEncoding = 4; lastKnownFileType = sourcecode.c.h; name = Util.h; path = src/Util.h; sourceTree = "<group>"; };
		7F46F94E13CD9FD6002A143C /* atres.h */ = {isa = PBXFileReference; fileEncoding = 4; lastKnownFileType = sourcecode.c.h; name = atres.h; path = include/atres/atres.h; sourceTree = "<group>"; };
		7F46F94F13CD9FD6002A143C /* atresExport.h */ = {isa = PBXFileReference; fileEncoding = 4; lastKnownFileType = sourcecode.c.h; name = atresExport.h; path = include/atres/atresExport.h; sourceTree = "<group>"; };
		7F46F95013CD9FD6002A143C /* FontResource.h */ = {isa = PBXFileReference; fileEncoding = 4; lastKnownFileType = sourcecode.c.h; name = FontResource.h; path = include/atres/FontResource.h; sourceTree = "<group>"; };
		7F46F95113CD9FD6002A143C /* FontResourceBitmap.h */ = {isa = PBXFileReference; fileEncoding = 4; lastKnownFileType = sourcecode.c.h; name = FontResourceBitmap.h; path = include/atres/FontResourceBitmap.h; sourceTree = "<group>"; };
		7F46F95213CD9FD6002A143C /* Renderer.h */ = {isa = PBXFileReference; fileEncoding = 4; lastKnownFileType = sourcecode.c.h; name = Renderer.h; path = include/atres/Renderer.h; sourceTree = "<group>"; };
		7F46F95813CD9FE3002A143C /* atres.cpp */ = {isa = PBXFileReference; fileEncoding = 4; lastKnownFileType = sourcecode.cpp.cpp; name = atres.cpp; path = src/atres.cpp; sourceTree = "<group>"; };
		7F46F95913CD9FE3002A143C /* FontResource.cpp */ = {isa = PBXFileReference; fileEncoding = 4; lastKnownFileType = sourcecode.cpp.cpp; name = FontResource.cpp; path = src/FontResource.cpp; sourceTree = "<group>"; };
		7F46F95A13CD9FE3002A143C /* FontResourceBitmap.cpp */ = {isa = PBXFileReference; fileEncoding = 4; lastKnownFileType = sourcecode.cpp.cpp; name = FontResourceBitmap.cpp; path = src/FontResourceBitmap.cpp; sourceTree = "<group>"; };
		7F46F95B13CD9FE3002A143C /* Renderer.cpp */ = {isa = PBXFileReference; fileEncoding = 4; lastKnownFileType = sourcecode.cpp.cpp; name = Renderer.cpp; path = src/Renderer.cpp; sourceTree = "<group>"; };
		7FF23E1A1255E39E000C729A /* Exception.h */ = {isa = PBXFileReference; fileEncoding = 4; lastKnownFileType = sourcecode.c.h; name = Exception.h; path = include/atres/Exception.h; sourceTree = "<group>"; };
		7FF23E211255E3A8000C729A /* Exception.cpp */ = {isa = PBXFileReference; fileEncoding = 4; lastKnownFileType = sourcecode.cpp.cpp; name = Exception.cpp; path = src/Exception.cpp; sourceTree = "<group>"; };
		AACBBE490F95108600F1A2B1 /* Foundation.framework */ = {isa = PBXFileReference; lastKnownFileType = wrapper.framework; name = Foundation.framework; path = System/Library/Frameworks/Foundation.framework; sourceTree = SDKROOT; };
		D2AAC07E0554694100DB518D /* libatres.a */ = {isa = PBXFileReference; explicitFileType = archive.ar; includeInIndex = 0; path = libatres.a; sourceTree = BUILT_PRODUCTS_DIR; };
/* End PBXFileReference section */

/* Begin PBXFrameworksBuildPhase section */
		D2AAC07C0554694100DB518D /* Frameworks */ = {
			isa = PBXFrameworksBuildPhase;
			buildActionMask = 2147483647;
			files = (
				AACBBE4A0F95108600F1A2B1 /* Foundation.framework in Frameworks */,
			);
			runOnlyForDeploymentPostprocessing = 0;
		};
/* End PBXFrameworksBuildPhase section */

/* Begin PBXGroup section */
		034768DFFF38A50411DB9C8B /* Products */ = {
			isa = PBXGroup;
			children = (
				D2AAC07E0554694100DB518D /* libatres.a */,
			);
			name = Products;
			sourceTree = "<group>";
		};
		0867D691FE84028FC02AAC07 /* libatres-ios */ = {
			isa = PBXGroup;
			children = (
				7FF23E121255E2BD000C729A /* Includes */,
				7FF23E111255E2B5000C729A /* Sources */,
				0867D69AFE84028FC02AAC07 /* Frameworks */,
				034768DFFF38A50411DB9C8B /* Products */,
			);
			name = "libatres-ios";
			sourceTree = "<group>";
		};
		0867D69AFE84028FC02AAC07 /* Frameworks */ = {
			isa = PBXGroup;
			children = (
				AACBBE490F95108600F1A2B1 /* Foundation.framework */,
			);
			name = Frameworks;
			sourceTree = "<group>";
		};
		7FF23E111255E2B5000C729A /* Sources */ = {
			isa = PBXGroup;
			children = (
				7F46F95813CD9FE3002A143C /* atres.cpp */,
				7F46F95913CD9FE3002A143C /* FontResource.cpp */,
				7F46F95A13CD9FE3002A143C /* FontResourceBitmap.cpp */,
				7F46F95B13CD9FE3002A143C /* Renderer.cpp */,
				7F24B9411256107B00332426 /* Util.h */,
				7F24B93F1256107200332426 /* Util.cpp */,
				7FF23E211255E3A8000C729A /* Exception.cpp */,
			);
			name = Sources;
			sourceTree = "<group>";
		};
		7FF23E121255E2BD000C729A /* Includes */ = {
			isa = PBXGroup;
			children = (
				7F46F94E13CD9FD6002A143C /* atres.h */,
				7F46F94F13CD9FD6002A143C /* atresExport.h */,
				7F46F95013CD9FD6002A143C /* FontResource.h */,
				7F46F95113CD9FD6002A143C /* FontResourceBitmap.h */,
				7F46F95213CD9FD6002A143C /* Renderer.h */,
				7FF23E1A1255E39E000C729A /* Exception.h */,
			);
			name = Includes;
			sourceTree = "<group>";
		};
/* End PBXGroup section */

/* Begin PBXHeadersBuildPhase section */
		D2AAC07A0554694100DB518D /* Headers */ = {
			isa = PBXHeadersBuildPhase;
			buildActionMask = 2147483647;
			files = (
				7FF23E1E1255E39E000C729A /* Exception.h in Headers */,
				7F24B9421256107B00332426 /* Util.h in Headers */,
				7F46F95313CD9FD6002A143C /* atres.h in Headers */,
				7F46F95413CD9FD6002A143C /* atresExport.h in Headers */,
				7F46F95513CD9FD6002A143C /* FontResource.h in Headers */,
				7F46F95613CD9FD6002A143C /* FontResourceBitmap.h in Headers */,
				7F46F95713CD9FD6002A143C /* Renderer.h in Headers */,
			);
			runOnlyForDeploymentPostprocessing = 0;
		};
/* End PBXHeadersBuildPhase section */

/* Begin PBXNativeTarget section */
		D2AAC07D0554694100DB518D /* libatres-ios */ = {
			isa = PBXNativeTarget;
			buildConfigurationList = 1DEB921E08733DC00010E9CD /* Build configuration list for PBXNativeTarget "libatres-ios" */;
			buildPhases = (
				D2AAC07A0554694100DB518D /* Headers */,
				D2AAC07B0554694100DB518D /* Sources */,
				D2AAC07C0554694100DB518D /* Frameworks */,
				7FF23E651255EE71000C729A /* Add SDKSettings */,
				7FF23E671255EE8A000C729A /* Deploy to HOME-Library-SDKs */,
			);
			buildRules = (
			);
			dependencies = (
			);
			name = "libatres-ios";
			productName = "libatres-ios";
			productReference = D2AAC07E0554694100DB518D /* libatres.a */;
			productType = "com.apple.product-type.library.static";
		};
/* End PBXNativeTarget section */

/* Begin PBXProject section */
		0867D690FE84028FC02AAC07 /* Project object */ = {
			isa = PBXProject;
			buildConfigurationList = 1DEB922208733DC00010E9CD /* Build configuration list for PBXProject "libatres-ios" */;
			compatibilityVersion = "Xcode 3.1";
			developmentRegion = English;
			hasScannedForEncodings = 1;
			knownRegions = (
				English,
				Japanese,
				French,
				German,
			);
			mainGroup = 0867D691FE84028FC02AAC07 /* libatres-ios */;
			productRefGroup = 034768DFFF38A50411DB9C8B /* Products */;
			projectDirPath = "";
			projectRoot = "";
			targets = (
				D2AAC07D0554694100DB518D /* libatres-ios */,
			);
		};
/* End PBXProject section */

/* Begin PBXShellScriptBuildPhase section */
		7FF23E651255EE71000C729A /* Add SDKSettings */ = {
			isa = PBXShellScriptBuildPhase;
			buildActionMask = 2147483647;
			files = (
			);
			inputPaths = (
				"$(SRCROOT)/iOS/$(PLATFORM_NAME).sdk/SDKSettings.plist",
			);
			name = "Add SDKSettings";
			outputPaths = (
				"$(DSTROOT)/SDKSettings.plist",
			);
			runOnlyForDeploymentPostprocessing = 0;
			shellPath = /bin/sh;
			shellScript = "#echo IN:     $SRCROOT/iOS/${PLATFORM_NAME}.sdk/SDKSettings.plist\n#echo OUT:    $DSTROOT/SDKSettings.plist\n\nsed -e \"s/%PROJECT%/$PROJECT/g\" \\\n    -e \"s/%VERS%/$VERS/g\" \\\n    -e \"s/%IPHONE_SDK%/$IPHONE_SDK/g\" \\\n    $SRCROOT/iOS/${PLATFORM_NAME}.sdk/SDKSettings.plist > $DSTROOT/SDKSettings.plist || exit 1    \n";
		};
		7FF23E671255EE8A000C729A /* Deploy to HOME-Library-SDKs */ = {
			isa = PBXShellScriptBuildPhase;
			buildActionMask = 12;
			files = (
			);
			inputPaths = (
			);
			name = "Deploy to HOME-Library-SDKs";
			outputPaths = (
			);
			runOnlyForDeploymentPostprocessing = 0;
			shellPath = /bin/sh;
			shellScript = "ORIGINALEXE=${CONFIGURATION_BUILD_DIR}/${PRODUCT_NAME}SDK/${PLATFORM_NAME}.sdk/usr/local/lib/$EXECUTABLE_NAME\nDEPLOYEDEXE=${USER_LIBRARY_DIR}/SDKs/${PRODUCT_NAME}SDK/${PLATFORM_NAME}.sdk/usr/local/lib/$EXECUTABLE_NAME\nif [ -e \"$DEPLOYEDEXE\" ] ; then\n  if [ `md5 < \"$ORIGINALEXE\"` == `md5 < \"$DEPLOYEDEXE\"` ] 2> /dev/null ; then\n    echo Skipping deploy, binaries are identical\n    exit 0\n  fi \nfi\n\nrm -rf \"${USER_LIBRARY_DIR}/SDKs/${PRODUCT_NAME}SDK/${PLATFORM_NAME}.sdk\"\nmkdir -p \"${USER_LIBRARY_DIR}/SDKs/${PRODUCT_NAME}SDK/${PLATFORM_NAME}.sdk\"\n\n\necho \"Deploying to ${USER_LIBRARY_DIR}/SDKs/${PRODUCT_NAME}SDK/${PLATFORM_NAME}.sdk\"\n\nif [ $OSTYPE == \"darwin9.0\" ] ; then\n  echo \"Not using archive flag on darwin!\"\n  CPFLAGS=-R\nelse\n  CPFLAGS=-Ra\nfi\n\ncp $CPFLAGS \"${CONFIGURATION_BUILD_DIR}/${PRODUCT_NAME}SDK/${PLATFORM_NAME}.sdk\" \"${USER_LIBRARY_DIR}/SDKs/${PRODUCT_NAME}SDK/\"\n\necho ${EXECUTABLE_PATH}\n";
		};
/* End PBXShellScriptBuildPhase section */

/* Begin PBXSourcesBuildPhase section */
		D2AAC07B0554694100DB518D /* Sources */ = {
			isa = PBXSourcesBuildPhase;
			buildActionMask = 2147483647;
			files = (
				7FF23E241255E3A8000C729A /* Exception.cpp in Sources */,
				7F24B9401256107200332426 /* Util.cpp in Sources */,
				7F46F95C13CD9FE3002A143C /* atres.cpp in Sources */,
				7F46F95D13CD9FE3002A143C /* FontResource.cpp in Sources */,
				7F46F95E13CD9FE3002A143C /* FontResourceBitmap.cpp in Sources */,
				7F46F95F13CD9FE3002A143C /* Renderer.cpp in Sources */,
			);
			runOnlyForDeploymentPostprocessing = 0;
		};
/* End PBXSourcesBuildPhase section */

/* Begin XCBuildConfiguration section */
		1DEB921F08733DC00010E9CD /* Debug */ = {
			isa = XCBuildConfiguration;
			buildSettings = {
				ALWAYS_SEARCH_USER_PATHS = NO;
				COPY_PHASE_STRIP = NO;
				DEPLOYMENT_LOCATION = YES;
				DSTROOT = "$(CONFIGURATION_BUILD_DIR)/$(PRODUCT_NAME)SDK/$(PLATFORM_NAME).sdk";
				GCC_DYNAMIC_NO_PIC = NO;
				GCC_ENABLE_FIX_AND_CONTINUE = YES;
				GCC_MODEL_TUNING = G5;
				GCC_OPTIMIZATION_LEVEL = 0;
				INSTALL_PATH = /usr/local/lib;
				PUBLIC_HEADERS_FOLDER_PATH = /usr/local/include/atres;
			};
			name = Debug;
		};
		1DEB922008733DC00010E9CD /* Release */ = {
			isa = XCBuildConfiguration;
			buildSettings = {
				ALWAYS_SEARCH_USER_PATHS = NO;
				DEPLOYMENT_LOCATION = YES;
				DSTROOT = "$(CONFIGURATION_BUILD_DIR)/$(PRODUCT_NAME)SDK/$(PLATFORM_NAME).sdk";
				GCC_MODEL_TUNING = G5;
				INSTALL_PATH = /usr/local/lib;
				PUBLIC_HEADERS_FOLDER_PATH = /usr/local/include/atres;
			};
			name = Release;
		};
		1DEB922308733DC00010E9CD /* Debug */ = {
			isa = XCBuildConfiguration;
			buildSettings = {
				ARCHS = "$(ARCHS_STANDARD_32_BIT)";
				GCC_C_LANGUAGE_STANDARD = c99;
				GCC_OPTIMIZATION_LEVEL = 0;
				GCC_WARN_ABOUT_RETURN_TYPE = YES;
				GCC_WARN_UNUSED_VARIABLE = YES;
				HEADER_SEARCH_PATHS = (
					"$(USER_LIBRARY_DIR)/SDKs/aprilSDK/$(PLATFORM_NAME).sdk/usr/local/include",
					"$(USER_LIBRARY_DIR)/SDKs/gtypesSDK/$(PLATFORM_NAME).sdk/usr/local/include",
					"$(USER_LIBRARY_DIR)/SDKs/hltypesSDK/$(PLATFORM_NAME).sdk/usr/local/include",
				);
				IPHONEOS_DEPLOYMENT_TARGET = 3.0;
				ONLY_ACTIVE_ARCH = YES;
				OTHER_LDFLAGS = "-ObjC";
				PREBINDING = NO;
				PRODUCT_NAME = atres;
				SDKROOT = iphoneos;
				TARGETED_DEVICE_FAMILY = "1,2";
			};
			name = Debug;
		};
		1DEB922408733DC00010E9CD /* Release */ = {
			isa = XCBuildConfiguration;
			buildSettings = {
				ARCHS = "$(ARCHS_STANDARD_32_BIT)";
				GCC_C_LANGUAGE_STANDARD = c99;
				GCC_WARN_ABOUT_RETURN_TYPE = YES;
				GCC_WARN_UNUSED_VARIABLE = YES;
				HEADER_SEARCH_PATHS = (
					"$(USER_LIBRARY_DIR)/SDKs/aprilSDK/$(PLATFORM_NAME).sdk/usr/local/include",
					"$(USER_LIBRARY_DIR)/SDKs/gtypesSDK/$(PLATFORM_NAME).sdk/usr/local/include",
					"$(USER_LIBRARY_DIR)/SDKs/hltypesSDK/$(PLATFORM_NAME).sdk/usr/local/include",
				);
				IPHONEOS_DEPLOYMENT_TARGET = 3.0;
				OTHER_LDFLAGS = "-ObjC";
				PREBINDING = NO;
				PRODUCT_NAME = atres;
				SDKROOT = iphoneos;
				TARGETED_DEVICE_FAMILY = "1,2";
			};
			name = Release;
		};
/* End XCBuildConfiguration section */

/* Begin XCConfigurationList section */
		1DEB921E08733DC00010E9CD /* Build configuration list for PBXNativeTarget "libatres-ios" */ = {
			isa = XCConfigurationList;
			buildConfigurations = (
				1DEB921F08733DC00010E9CD /* Debug */,
				1DEB922008733DC00010E9CD /* Release */,
			);
			defaultConfigurationIsVisible = 0;
			defaultConfigurationName = Release;
		};
		1DEB922208733DC00010E9CD /* Build configuration list for PBXProject "libatres-ios" */ = {
			isa = XCConfigurationList;
			buildConfigurations = (
				1DEB922308733DC00010E9CD /* Debug */,
				1DEB922408733DC00010E9CD /* Release */,
			);
			defaultConfigurationIsVisible = 0;
			defaultConfigurationName = Release;
		};
/* End XCConfigurationList section */
	};
	rootObject = 0867D690FE84028FC02AAC07 /* Project object */;
}
